// !$*UTF8*$!
{
	archiveVersion = 1;
	classes = {
	};
	objectVersion = 56;
	objects = {

/* Begin PBXBuildFile section */
		5723BF7A2BC39844002209F2 /* SymbolicApp.swift in Sources */ = {isa = PBXBuildFile; fileRef = 5723BF792BC39844002209F2 /* SymbolicApp.swift */; };
		5723BF7C2BC39844002209F2 /* ContentView.swift in Sources */ = {isa = PBXBuildFile; fileRef = 5723BF7B2BC39844002209F2 /* ContentView.swift */; };
		5723BF7E2BC39844002209F2 /* Item.swift in Sources */ = {isa = PBXBuildFile; fileRef = 5723BF7D2BC39844002209F2 /* Item.swift */; };
		5723BF802BC39846002209F2 /* Assets.xcassets in Resources */ = {isa = PBXBuildFile; fileRef = 5723BF7F2BC39846002209F2 /* Assets.xcassets */; };
		5723BF832BC39846002209F2 /* Preview Assets.xcassets in Resources */ = {isa = PBXBuildFile; fileRef = 5723BF822BC39846002209F2 /* Preview Assets.xcassets */; };
		5723BF8D2BC39846002209F2 /* SymbolicTests.swift in Sources */ = {isa = PBXBuildFile; fileRef = 5723BF8C2BC39846002209F2 /* SymbolicTests.swift */; };
		5723BF972BC39846002209F2 /* SymbolicUITests.swift in Sources */ = {isa = PBXBuildFile; fileRef = 5723BF962BC39846002209F2 /* SymbolicUITests.swift */; };
		5723BF992BC39846002209F2 /* SymbolicUITestsLaunchTests.swift in Sources */ = {isa = PBXBuildFile; fileRef = 5723BF982BC39846002209F2 /* SymbolicUITestsLaunchTests.swift */; };
		5723BFA62BC39865002209F2 /* CanvasView.swift in Sources */ = {isa = PBXBuildFile; fileRef = 5723BFA52BC39865002209F2 /* CanvasView.swift */; };
		57B5F1142BC62CFB001E1B2E /* CG+Arithmetics.swift in Sources */ = {isa = PBXBuildFile; fileRef = 57B5F1132BC62CFB001E1B2E /* CG+Arithmetics.swift */; };
		57B5F1162BC62E87001E1B2E /* MultipleTouch.swift in Sources */ = {isa = PBXBuildFile; fileRef = 57B5F1152BC62E87001E1B2E /* MultipleTouch.swift */; };
		57B5F1182BC62F65001E1B2E /* DebugTouchHandler.swift in Sources */ = {isa = PBXBuildFile; fileRef = 57B5F1172BC62F65001E1B2E /* DebugTouchHandler.swift */; };
		57B5F11A2BC62FA3001E1B2E /* PressDetector.swift in Sources */ = {isa = PBXBuildFile; fileRef = 57B5F1192BC62FA3001E1B2E /* PressDetector.swift */; };
		57B5F11C2BC639B2001E1B2E /* Viewport.swift in Sources */ = {isa = PBXBuildFile; fileRef = 57B5F11B2BC639B2001E1B2E /* Viewport.swift */; };
/* End PBXBuildFile section */

/* Begin PBXContainerItemProxy section */
		5723BF892BC39846002209F2 /* PBXContainerItemProxy */ = {
			isa = PBXContainerItemProxy;
			containerPortal = 5723BF6E2BC39844002209F2 /* Project object */;
			proxyType = 1;
			remoteGlobalIDString = 5723BF752BC39844002209F2;
			remoteInfo = Symbolic;
		};
		5723BF932BC39846002209F2 /* PBXContainerItemProxy */ = {
			isa = PBXContainerItemProxy;
			containerPortal = 5723BF6E2BC39844002209F2 /* Project object */;
			proxyType = 1;
			remoteGlobalIDString = 5723BF752BC39844002209F2;
			remoteInfo = Symbolic;
		};
/* End PBXContainerItemProxy section */

/* Begin PBXFileReference section */
		5723BF762BC39844002209F2 /* Symbolic.app */ = {isa = PBXFileReference; explicitFileType = wrapper.application; includeInIndex = 0; path = Symbolic.app; sourceTree = BUILT_PRODUCTS_DIR; };
		5723BF792BC39844002209F2 /* SymbolicApp.swift */ = {isa = PBXFileReference; lastKnownFileType = sourcecode.swift; path = SymbolicApp.swift; sourceTree = "<group>"; };
		5723BF7B2BC39844002209F2 /* ContentView.swift */ = {isa = PBXFileReference; lastKnownFileType = sourcecode.swift; path = ContentView.swift; sourceTree = "<group>"; };
		5723BF7D2BC39844002209F2 /* Item.swift */ = {isa = PBXFileReference; lastKnownFileType = sourcecode.swift; path = Item.swift; sourceTree = "<group>"; };
		5723BF7F2BC39846002209F2 /* Assets.xcassets */ = {isa = PBXFileReference; lastKnownFileType = folder.assetcatalog; path = Assets.xcassets; sourceTree = "<group>"; };
		5723BF822BC39846002209F2 /* Preview Assets.xcassets */ = {isa = PBXFileReference; lastKnownFileType = folder.assetcatalog; path = "Preview Assets.xcassets"; sourceTree = "<group>"; };
		5723BF882BC39846002209F2 /* SymbolicTests.xctest */ = {isa = PBXFileReference; explicitFileType = wrapper.cfbundle; includeInIndex = 0; path = SymbolicTests.xctest; sourceTree = BUILT_PRODUCTS_DIR; };
		5723BF8C2BC39846002209F2 /* SymbolicTests.swift */ = {isa = PBXFileReference; lastKnownFileType = sourcecode.swift; path = SymbolicTests.swift; sourceTree = "<group>"; };
		5723BF922BC39846002209F2 /* SymbolicUITests.xctest */ = {isa = PBXFileReference; explicitFileType = wrapper.cfbundle; includeInIndex = 0; path = SymbolicUITests.xctest; sourceTree = BUILT_PRODUCTS_DIR; };
		5723BF962BC39846002209F2 /* SymbolicUITests.swift */ = {isa = PBXFileReference; lastKnownFileType = sourcecode.swift; path = SymbolicUITests.swift; sourceTree = "<group>"; };
		5723BF982BC39846002209F2 /* SymbolicUITestsLaunchTests.swift */ = {isa = PBXFileReference; lastKnownFileType = sourcecode.swift; path = SymbolicUITestsLaunchTests.swift; sourceTree = "<group>"; };
		5723BFA52BC39865002209F2 /* CanvasView.swift */ = {isa = PBXFileReference; lastKnownFileType = sourcecode.swift; path = CanvasView.swift; sourceTree = "<group>"; };
		57B5F1132BC62CFB001E1B2E /* CG+Arithmetics.swift */ = {isa = PBXFileReference; lastKnownFileType = sourcecode.swift; path = "CG+Arithmetics.swift"; sourceTree = "<group>"; };
		57B5F1152BC62E87001E1B2E /* MultipleTouch.swift */ = {isa = PBXFileReference; lastKnownFileType = sourcecode.swift; path = MultipleTouch.swift; sourceTree = "<group>"; };
		57B5F1172BC62F65001E1B2E /* DebugTouchHandler.swift */ = {isa = PBXFileReference; lastKnownFileType = sourcecode.swift; path = DebugTouchHandler.swift; sourceTree = "<group>"; };
		57B5F1192BC62FA3001E1B2E /* PressDetector.swift */ = {isa = PBXFileReference; lastKnownFileType = sourcecode.swift; path = PressDetector.swift; sourceTree = "<group>"; };
		57B5F11B2BC639B2001E1B2E /* Viewport.swift */ = {isa = PBXFileReference; lastKnownFileType = sourcecode.swift; path = Viewport.swift; sourceTree = "<group>"; };
/* End PBXFileReference section */

/* Begin PBXFrameworksBuildPhase section */
		5723BF732BC39844002209F2 /* Frameworks */ = {
			isa = PBXFrameworksBuildPhase;
			buildActionMask = 2147483647;
			files = (
			);
			runOnlyForDeploymentPostprocessing = 0;
		};
		5723BF852BC39846002209F2 /* Frameworks */ = {
			isa = PBXFrameworksBuildPhase;
			buildActionMask = 2147483647;
			files = (
			);
			runOnlyForDeploymentPostprocessing = 0;
		};
		5723BF8F2BC39846002209F2 /* Frameworks */ = {
			isa = PBXFrameworksBuildPhase;
			buildActionMask = 2147483647;
			files = (
			);
			runOnlyForDeploymentPostprocessing = 0;
		};
/* End PBXFrameworksBuildPhase section */

/* Begin PBXGroup section */
		5723BF6D2BC39844002209F2 = {
			isa = PBXGroup;
			children = (
				5723BF782BC39844002209F2 /* Symbolic */,
				5723BF8B2BC39846002209F2 /* SymbolicTests */,
				5723BF952BC39846002209F2 /* SymbolicUITests */,
				5723BF772BC39844002209F2 /* Products */,
			);
			sourceTree = "<group>";
		};
		5723BF772BC39844002209F2 /* Products */ = {
			isa = PBXGroup;
			children = (
				5723BF762BC39844002209F2 /* Symbolic.app */,
				5723BF882BC39846002209F2 /* SymbolicTests.xctest */,
				5723BF922BC39846002209F2 /* SymbolicUITests.xctest */,
			);
			name = Products;
			sourceTree = "<group>";
		};
		5723BF782BC39844002209F2 /* Symbolic */ = {
			isa = PBXGroup;
			children = (
				5723BFA52BC39865002209F2 /* CanvasView.swift */,
				57B5F1132BC62CFB001E1B2E /* CG+Arithmetics.swift */,
				5723BF7B2BC39844002209F2 /* ContentView.swift */,
				57B5F1172BC62F65001E1B2E /* DebugTouchHandler.swift */,
				5723BF7D2BC39844002209F2 /* Item.swift */,
				57B5F1152BC62E87001E1B2E /* MultipleTouch.swift */,
				5723BF792BC39844002209F2 /* SymbolicApp.swift */,
				57B5F11B2BC639B2001E1B2E /* Viewport.swift */,
				5723BF7F2BC39846002209F2 /* Assets.xcassets */,
				5723BF812BC39846002209F2 /* Preview Content */,
				57B5F1192BC62FA3001E1B2E /* PressDetector.swift */,
			);
			path = Symbolic;
			sourceTree = "<group>";
		};
		5723BF812BC39846002209F2 /* Preview Content */ = {
			isa = PBXGroup;
			children = (
				5723BF822BC39846002209F2 /* Preview Assets.xcassets */,
			);
			path = "Preview Content";
			sourceTree = "<group>";
		};
		5723BF8B2BC39846002209F2 /* SymbolicTests */ = {
			isa = PBXGroup;
			children = (
				5723BF8C2BC39846002209F2 /* SymbolicTests.swift */,
			);
			path = SymbolicTests;
			sourceTree = "<group>";
		};
		5723BF952BC39846002209F2 /* SymbolicUITests */ = {
			isa = PBXGroup;
			children = (
				5723BF962BC39846002209F2 /* SymbolicUITests.swift */,
				5723BF982BC39846002209F2 /* SymbolicUITestsLaunchTests.swift */,
			);
			path = SymbolicUITests;
			sourceTree = "<group>";
		};
/* End PBXGroup section */

/* Begin PBXNativeTarget section */
		5723BF752BC39844002209F2 /* Symbolic */ = {
			isa = PBXNativeTarget;
			buildConfigurationList = 5723BF9C2BC39846002209F2 /* Build configuration list for PBXNativeTarget "Symbolic" */;
			buildPhases = (
				5723BF722BC39844002209F2 /* Sources */,
				5723BF732BC39844002209F2 /* Frameworks */,
				5723BF742BC39844002209F2 /* Resources */,
			);
			buildRules = (
			);
			dependencies = (
			);
			name = Symbolic;
			productName = Symbolic;
			productReference = 5723BF762BC39844002209F2 /* Symbolic.app */;
			productType = "com.apple.product-type.application";
		};
		5723BF872BC39846002209F2 /* SymbolicTests */ = {
			isa = PBXNativeTarget;
			buildConfigurationList = 5723BF9F2BC39846002209F2 /* Build configuration list for PBXNativeTarget "SymbolicTests" */;
			buildPhases = (
				5723BF842BC39846002209F2 /* Sources */,
				5723BF852BC39846002209F2 /* Frameworks */,
				5723BF862BC39846002209F2 /* Resources */,
			);
			buildRules = (
			);
			dependencies = (
				5723BF8A2BC39846002209F2 /* PBXTargetDependency */,
			);
			name = SymbolicTests;
			productName = SymbolicTests;
			productReference = 5723BF882BC39846002209F2 /* SymbolicTests.xctest */;
			productType = "com.apple.product-type.bundle.unit-test";
		};
		5723BF912BC39846002209F2 /* SymbolicUITests */ = {
			isa = PBXNativeTarget;
			buildConfigurationList = 5723BFA22BC39846002209F2 /* Build configuration list for PBXNativeTarget "SymbolicUITests" */;
			buildPhases = (
				5723BF8E2BC39846002209F2 /* Sources */,
				5723BF8F2BC39846002209F2 /* Frameworks */,
				5723BF902BC39846002209F2 /* Resources */,
			);
			buildRules = (
			);
			dependencies = (
				5723BF942BC39846002209F2 /* PBXTargetDependency */,
			);
			name = SymbolicUITests;
			productName = SymbolicUITests;
			productReference = 5723BF922BC39846002209F2 /* SymbolicUITests.xctest */;
			productType = "com.apple.product-type.bundle.ui-testing";
		};
/* End PBXNativeTarget section */

/* Begin PBXProject section */
		5723BF6E2BC39844002209F2 /* Project object */ = {
			isa = PBXProject;
			attributes = {
				BuildIndependentTargetsInParallel = 1;
				LastSwiftUpdateCheck = 1530;
				LastUpgradeCheck = 1530;
				TargetAttributes = {
					5723BF752BC39844002209F2 = {
						CreatedOnToolsVersion = 15.3;
					};
					5723BF872BC39846002209F2 = {
						CreatedOnToolsVersion = 15.3;
						TestTargetID = 5723BF752BC39844002209F2;
					};
					5723BF912BC39846002209F2 = {
						CreatedOnToolsVersion = 15.3;
						TestTargetID = 5723BF752BC39844002209F2;
					};
				};
			};
			buildConfigurationList = 5723BF712BC39844002209F2 /* Build configuration list for PBXProject "Symbolic" */;
			compatibilityVersion = "Xcode 14.0";
			developmentRegion = en;
			hasScannedForEncodings = 0;
			knownRegions = (
				en,
				Base,
			);
			mainGroup = 5723BF6D2BC39844002209F2;
			productRefGroup = 5723BF772BC39844002209F2 /* Products */;
			projectDirPath = "";
			projectRoot = "";
			targets = (
				5723BF752BC39844002209F2 /* Symbolic */,
				5723BF872BC39846002209F2 /* SymbolicTests */,
				5723BF912BC39846002209F2 /* SymbolicUITests */,
			);
		};
/* End PBXProject section */

/* Begin PBXResourcesBuildPhase section */
		5723BF742BC39844002209F2 /* Resources */ = {
			isa = PBXResourcesBuildPhase;
			buildActionMask = 2147483647;
			files = (
				5723BF832BC39846002209F2 /* Preview Assets.xcassets in Resources */,
				5723BF802BC39846002209F2 /* Assets.xcassets in Resources */,
			);
			runOnlyForDeploymentPostprocessing = 0;
		};
		5723BF862BC39846002209F2 /* Resources */ = {
			isa = PBXResourcesBuildPhase;
			buildActionMask = 2147483647;
			files = (
			);
			runOnlyForDeploymentPostprocessing = 0;
		};
		5723BF902BC39846002209F2 /* Resources */ = {
			isa = PBXResourcesBuildPhase;
			buildActionMask = 2147483647;
			files = (
			);
			runOnlyForDeploymentPostprocessing = 0;
		};
/* End PBXResourcesBuildPhase section */

/* Begin PBXSourcesBuildPhase section */
		5723BF722BC39844002209F2 /* Sources */ = {
			isa = PBXSourcesBuildPhase;
			buildActionMask = 2147483647;
			files = (
				5723BF7C2BC39844002209F2 /* ContentView.swift in Sources */,
				5723BF7E2BC39844002209F2 /* Item.swift in Sources */,
				57B5F1182BC62F65001E1B2E /* DebugTouchHandler.swift in Sources */,
				57B5F1142BC62CFB001E1B2E /* CG+Arithmetics.swift in Sources */,
				57B5F1162BC62E87001E1B2E /* MultipleTouch.swift in Sources */,
				57B5F11C2BC639B2001E1B2E /* Viewport.swift in Sources */,
				57B5F11A2BC62FA3001E1B2E /* PressDetector.swift in Sources */,
				5723BFA62BC39865002209F2 /* CanvasView.swift in Sources */,
				5723BF7A2BC39844002209F2 /* SymbolicApp.swift in Sources */,
			);
			runOnlyForDeploymentPostprocessing = 0;
		};
		5723BF842BC39846002209F2 /* Sources */ = {
			isa = PBXSourcesBuildPhase;
			buildActionMask = 2147483647;
			files = (
				5723BF8D2BC39846002209F2 /* SymbolicTests.swift in Sources */,
			);
			runOnlyForDeploymentPostprocessing = 0;
		};
		5723BF8E2BC39846002209F2 /* Sources */ = {
			isa = PBXSourcesBuildPhase;
			buildActionMask = 2147483647;
			files = (
				5723BF992BC39846002209F2 /* SymbolicUITestsLaunchTests.swift in Sources */,
				5723BF972BC39846002209F2 /* SymbolicUITests.swift in Sources */,
			);
			runOnlyForDeploymentPostprocessing = 0;
		};
/* End PBXSourcesBuildPhase section */

/* Begin PBXTargetDependency section */
		5723BF8A2BC39846002209F2 /* PBXTargetDependency */ = {
			isa = PBXTargetDependency;
			target = 5723BF752BC39844002209F2 /* Symbolic */;
			targetProxy = 5723BF892BC39846002209F2 /* PBXContainerItemProxy */;
		};
		5723BF942BC39846002209F2 /* PBXTargetDependency */ = {
			isa = PBXTargetDependency;
			target = 5723BF752BC39844002209F2 /* Symbolic */;
			targetProxy = 5723BF932BC39846002209F2 /* PBXContainerItemProxy */;
		};
/* End PBXTargetDependency section */

/* Begin XCBuildConfiguration section */
		5723BF9A2BC39846002209F2 /* Debug */ = {
			isa = XCBuildConfiguration;
			buildSettings = {
				ALWAYS_SEARCH_USER_PATHS = NO;
				ASSETCATALOG_COMPILER_GENERATE_SWIFT_ASSET_SYMBOL_EXTENSIONS = YES;
				CLANG_ANALYZER_NONNULL = YES;
				CLANG_ANALYZER_NUMBER_OBJECT_CONVERSION = YES_AGGRESSIVE;
				CLANG_CXX_LANGUAGE_STANDARD = "gnu++20";
				CLANG_ENABLE_MODULES = YES;
				CLANG_ENABLE_OBJC_ARC = YES;
				CLANG_ENABLE_OBJC_WEAK = YES;
				CLANG_WARN_BLOCK_CAPTURE_AUTORELEASING = YES;
				CLANG_WARN_BOOL_CONVERSION = YES;
				CLANG_WARN_COMMA = YES;
				CLANG_WARN_CONSTANT_CONVERSION = YES;
				CLANG_WARN_DEPRECATED_OBJC_IMPLEMENTATIONS = YES;
				CLANG_WARN_DIRECT_OBJC_ISA_USAGE = YES_ERROR;
				CLANG_WARN_DOCUMENTATION_COMMENTS = YES;
				CLANG_WARN_EMPTY_BODY = YES;
				CLANG_WARN_ENUM_CONVERSION = YES;
				CLANG_WARN_INFINITE_RECURSION = YES;
				CLANG_WARN_INT_CONVERSION = YES;
				CLANG_WARN_NON_LITERAL_NULL_CONVERSION = YES;
				CLANG_WARN_OBJC_IMPLICIT_RETAIN_SELF = YES;
				CLANG_WARN_OBJC_LITERAL_CONVERSION = YES;
				CLANG_WARN_OBJC_ROOT_CLASS = YES_ERROR;
				CLANG_WARN_QUOTED_INCLUDE_IN_FRAMEWORK_HEADER = YES;
				CLANG_WARN_RANGE_LOOP_ANALYSIS = YES;
				CLANG_WARN_STRICT_PROTOTYPES = YES;
				CLANG_WARN_SUSPICIOUS_MOVE = YES;
				CLANG_WARN_UNGUARDED_AVAILABILITY = YES_AGGRESSIVE;
				CLANG_WARN_UNREACHABLE_CODE = YES;
				CLANG_WARN__DUPLICATE_METHOD_MATCH = YES;
				COPY_PHASE_STRIP = NO;
				DEBUG_INFORMATION_FORMAT = dwarf;
				ENABLE_STRICT_OBJC_MSGSEND = YES;
				ENABLE_TESTABILITY = YES;
				ENABLE_USER_SCRIPT_SANDBOXING = YES;
				GCC_C_LANGUAGE_STANDARD = gnu17;
				GCC_DYNAMIC_NO_PIC = NO;
				GCC_NO_COMMON_BLOCKS = YES;
				GCC_OPTIMIZATION_LEVEL = 0;
				GCC_PREPROCESSOR_DEFINITIONS = (
					"DEBUG=1",
					"$(inherited)",
				);
				GCC_WARN_64_TO_32_BIT_CONVERSION = YES;
				GCC_WARN_ABOUT_RETURN_TYPE = YES_ERROR;
				GCC_WARN_UNDECLARED_SELECTOR = YES;
				GCC_WARN_UNINITIALIZED_AUTOS = YES_AGGRESSIVE;
				GCC_WARN_UNUSED_FUNCTION = YES;
				GCC_WARN_UNUSED_VARIABLE = YES;
				IPHONEOS_DEPLOYMENT_TARGET = 17.4;
				LOCALIZATION_PREFERS_STRING_CATALOGS = YES;
				MTL_ENABLE_DEBUG_INFO = INCLUDE_SOURCE;
				MTL_FAST_MATH = YES;
				ONLY_ACTIVE_ARCH = YES;
				SDKROOT = iphoneos;
				SWIFT_ACTIVE_COMPILATION_CONDITIONS = "DEBUG $(inherited)";
				SWIFT_OPTIMIZATION_LEVEL = "-Onone";
			};
			name = Debug;
		};
		5723BF9B2BC39846002209F2 /* Release */ = {
			isa = XCBuildConfiguration;
			buildSettings = {
				ALWAYS_SEARCH_USER_PATHS = NO;
				ASSETCATALOG_COMPILER_GENERATE_SWIFT_ASSET_SYMBOL_EXTENSIONS = YES;
				CLANG_ANALYZER_NONNULL = YES;
				CLANG_ANALYZER_NUMBER_OBJECT_CONVERSION = YES_AGGRESSIVE;
				CLANG_CXX_LANGUAGE_STANDARD = "gnu++20";
				CLANG_ENABLE_MODULES = YES;
				CLANG_ENABLE_OBJC_ARC = YES;
				CLANG_ENABLE_OBJC_WEAK = YES;
				CLANG_WARN_BLOCK_CAPTURE_AUTORELEASING = YES;
				CLANG_WARN_BOOL_CONVERSION = YES;
				CLANG_WARN_COMMA = YES;
				CLANG_WARN_CONSTANT_CONVERSION = YES;
				CLANG_WARN_DEPRECATED_OBJC_IMPLEMENTATIONS = YES;
				CLANG_WARN_DIRECT_OBJC_ISA_USAGE = YES_ERROR;
				CLANG_WARN_DOCUMENTATION_COMMENTS = YES;
				CLANG_WARN_EMPTY_BODY = YES;
				CLANG_WARN_ENUM_CONVERSION = YES;
				CLANG_WARN_INFINITE_RECURSION = YES;
				CLANG_WARN_INT_CONVERSION = YES;
				CLANG_WARN_NON_LITERAL_NULL_CONVERSION = YES;
				CLANG_WARN_OBJC_IMPLICIT_RETAIN_SELF = YES;
				CLANG_WARN_OBJC_LITERAL_CONVERSION = YES;
				CLANG_WARN_OBJC_ROOT_CLASS = YES_ERROR;
				CLANG_WARN_QUOTED_INCLUDE_IN_FRAMEWORK_HEADER = YES;
				CLANG_WARN_RANGE_LOOP_ANALYSIS = YES;
				CLANG_WARN_STRICT_PROTOTYPES = YES;
				CLANG_WARN_SUSPICIOUS_MOVE = YES;
				CLANG_WARN_UNGUARDED_AVAILABILITY = YES_AGGRESSIVE;
				CLANG_WARN_UNREACHABLE_CODE = YES;
				CLANG_WARN__DUPLICATE_METHOD_MATCH = YES;
				COPY_PHASE_STRIP = NO;
				DEBUG_INFORMATION_FORMAT = "dwarf-with-dsym";
				ENABLE_NS_ASSERTIONS = NO;
				ENABLE_STRICT_OBJC_MSGSEND = YES;
				ENABLE_USER_SCRIPT_SANDBOXING = YES;
				GCC_C_LANGUAGE_STANDARD = gnu17;
				GCC_NO_COMMON_BLOCKS = YES;
				GCC_WARN_64_TO_32_BIT_CONVERSION = YES;
				GCC_WARN_ABOUT_RETURN_TYPE = YES_ERROR;
				GCC_WARN_UNDECLARED_SELECTOR = YES;
				GCC_WARN_UNINITIALIZED_AUTOS = YES_AGGRESSIVE;
				GCC_WARN_UNUSED_FUNCTION = YES;
				GCC_WARN_UNUSED_VARIABLE = YES;
				IPHONEOS_DEPLOYMENT_TARGET = 17.4;
				LOCALIZATION_PREFERS_STRING_CATALOGS = YES;
				MTL_ENABLE_DEBUG_INFO = NO;
				MTL_FAST_MATH = YES;
				SDKROOT = iphoneos;
				SWIFT_COMPILATION_MODE = wholemodule;
				VALIDATE_PRODUCT = YES;
			};
			name = Release;
		};
		5723BF9D2BC39846002209F2 /* Debug */ = {
			isa = XCBuildConfiguration;
			buildSettings = {
				ASSETCATALOG_COMPILER_APPICON_NAME = AppIcon;
				ASSETCATALOG_COMPILER_GLOBAL_ACCENT_COLOR_NAME = AccentColor;
				CODE_SIGN_STYLE = Automatic;
				CURRENT_PROJECT_VERSION = 1;
				DEVELOPMENT_ASSET_PATHS = "\"Symbolic/Preview Content\"";
				DEVELOPMENT_TEAM = 433469HL57;
				ENABLE_PREVIEWS = YES;
				GENERATE_INFOPLIST_FILE = YES;
				INFOPLIST_KEY_UIApplicationSceneManifest_Generation = YES;
				INFOPLIST_KEY_UIApplicationSupportsIndirectInputEvents = YES;
				INFOPLIST_KEY_UILaunchScreen_Generation = YES;
				INFOPLIST_KEY_UISupportedInterfaceOrientations_iPad = "UIInterfaceOrientationPortrait UIInterfaceOrientationPortraitUpsideDown UIInterfaceOrientationLandscapeLeft UIInterfaceOrientationLandscapeRight";
				INFOPLIST_KEY_UISupportedInterfaceOrientations_iPhone = "UIInterfaceOrientationPortrait UIInterfaceOrientationLandscapeLeft UIInterfaceOrientationLandscapeRight";
				IPHONEOS_DEPLOYMENT_TARGET = 17.4;
				LD_RUNPATH_SEARCH_PATHS = (
					"$(inherited)",
					"@executable_path/Frameworks",
				);
				MARKETING_VERSION = 1.0;
				PRODUCT_BUNDLE_IDENTIFIER = com.example.Symbolic;
				PRODUCT_NAME = "$(TARGET_NAME)";
				SWIFT_EMIT_LOC_STRINGS = YES;
				SWIFT_VERSION = 5.0;
				TARGETED_DEVICE_FAMILY = "1,2";
			};
			name = Debug;
		};
		5723BF9E2BC39846002209F2 /* Release */ = {
			isa = XCBuildConfiguration;
			buildSettings = {
				ASSETCATALOG_COMPILER_APPICON_NAME = AppIcon;
				ASSETCATALOG_COMPILER_GLOBAL_ACCENT_COLOR_NAME = AccentColor;
				CODE_SIGN_STYLE = Automatic;
				CURRENT_PROJECT_VERSION = 1;
				DEVELOPMENT_ASSET_PATHS = "\"Symbolic/Preview Content\"";
				DEVELOPMENT_TEAM = 433469HL57;
				ENABLE_PREVIEWS = YES;
				GENERATE_INFOPLIST_FILE = YES;
				INFOPLIST_KEY_UIApplicationSceneManifest_Generation = YES;
				INFOPLIST_KEY_UIApplicationSupportsIndirectInputEvents = YES;
				INFOPLIST_KEY_UILaunchScreen_Generation = YES;
				INFOPLIST_KEY_UISupportedInterfaceOrientations_iPad = "UIInterfaceOrientationPortrait UIInterfaceOrientationPortraitUpsideDown UIInterfaceOrientationLandscapeLeft UIInterfaceOrientationLandscapeRight";
				INFOPLIST_KEY_UISupportedInterfaceOrientations_iPhone = "UIInterfaceOrientationPortrait UIInterfaceOrientationLandscapeLeft UIInterfaceOrientationLandscapeRight";
				IPHONEOS_DEPLOYMENT_TARGET = 17.4;
				LD_RUNPATH_SEARCH_PATHS = (
					"$(inherited)",
					"@executable_path/Frameworks",
				);
				MARKETING_VERSION = 1.0;
				PRODUCT_BUNDLE_IDENTIFIER = com.example.Symbolic;
				PRODUCT_NAME = "$(TARGET_NAME)";
				SWIFT_EMIT_LOC_STRINGS = YES;
				SWIFT_VERSION = 5.0;
				TARGETED_DEVICE_FAMILY = "1,2";
			};
			name = Release;
		};
		5723BFA02BC39846002209F2 /* Debug */ = {
			isa = XCBuildConfiguration;
			buildSettings = {
				ALWAYS_EMBED_SWIFT_STANDARD_LIBRARIES = YES;
				BUNDLE_LOADER = "$(TEST_HOST)";
				CODE_SIGN_STYLE = Automatic;
				CURRENT_PROJECT_VERSION = 1;
				DEVELOPMENT_TEAM = 433469HL57;
				GENERATE_INFOPLIST_FILE = YES;
				IPHONEOS_DEPLOYMENT_TARGET = 17.4;
				MARKETING_VERSION = 1.0;
				PRODUCT_BUNDLE_IDENTIFIER = com.example.SymbolicTests;
				PRODUCT_NAME = "$(TARGET_NAME)";
				SWIFT_EMIT_LOC_STRINGS = NO;
				SWIFT_VERSION = 5.0;
				TARGETED_DEVICE_FAMILY = "1,2";
				TEST_HOST = "$(BUILT_PRODUCTS_DIR)/Symbolic.app/$(BUNDLE_EXECUTABLE_FOLDER_PATH)/Symbolic";
			};
			name = Debug;
		};
		5723BFA12BC39846002209F2 /* Release */ = {
			isa = XCBuildConfiguration;
			buildSettings = {
				ALWAYS_EMBED_SWIFT_STANDARD_LIBRARIES = YES;
				BUNDLE_LOADER = "$(TEST_HOST)";
				CODE_SIGN_STYLE = Automatic;
				CURRENT_PROJECT_VERSION = 1;
				DEVELOPMENT_TEAM = 433469HL57;
				GENERATE_INFOPLIST_FILE = YES;
				IPHONEOS_DEPLOYMENT_TARGET = 17.4;
				MARKETING_VERSION = 1.0;
				PRODUCT_BUNDLE_IDENTIFIER = com.example.SymbolicTests;
				PRODUCT_NAME = "$(TARGET_NAME)";
				SWIFT_EMIT_LOC_STRINGS = NO;
				SWIFT_VERSION = 5.0;
				TARGETED_DEVICE_FAMILY = "1,2";
				TEST_HOST = "$(BUILT_PRODUCTS_DIR)/Symbolic.app/$(BUNDLE_EXECUTABLE_FOLDER_PATH)/Symbolic";
			};
			name = Release;
		};
		5723BFA32BC39846002209F2 /* Debug */ = {
			isa = XCBuildConfiguration;
			buildSettings = {
				ALWAYS_EMBED_SWIFT_STANDARD_LIBRARIES = YES;
				CODE_SIGN_STYLE = Automatic;
				CURRENT_PROJECT_VERSION = 1;
				DEVELOPMENT_TEAM = 433469HL57;
				GENERATE_INFOPLIST_FILE = YES;
				MARKETING_VERSION = 1.0;
				PRODUCT_BUNDLE_IDENTIFIER = com.example.SymbolicUITests;
				PRODUCT_NAME = "$(TARGET_NAME)";
				SWIFT_EMIT_LOC_STRINGS = NO;
				SWIFT_VERSION = 5.0;
				TARGETED_DEVICE_FAMILY = "1,2";
				TEST_TARGET_NAME = Symbolic;
			};
			name = Debug;
		};
		5723BFA42BC39846002209F2 /* Release */ = {
			isa = XCBuildConfiguration;
			buildSettings = {
				ALWAYS_EMBED_SWIFT_STANDARD_LIBRARIES = YES;
				CODE_SIGN_STYLE = Automatic;
				CURRENT_PROJECT_VERSION = 1;
				DEVELOPMENT_TEAM = 433469HL57;
				GENERATE_INFOPLIST_FILE = YES;
				MARKETING_VERSION = 1.0;
				PRODUCT_BUNDLE_IDENTIFIER = com.example.SymbolicUITests;
				PRODUCT_NAME = "$(TARGET_NAME)";
				SWIFT_EMIT_LOC_STRINGS = NO;
				SWIFT_VERSION = 5.0;
				TARGETED_DEVICE_FAMILY = "1,2";
				TEST_TARGET_NAME = Symbolic;
			};
			name = Release;
		};
/* End XCBuildConfiguration section */

/* Begin XCConfigurationList section */
		5723BF712BC39844002209F2 /* Build configuration list for PBXProject "Symbolic" */ = {
			isa = XCConfigurationList;
			buildConfigurations = (
				5723BF9A2BC39846002209F2 /* Debug */,
				5723BF9B2BC39846002209F2 /* Release */,
			);
			defaultConfigurationIsVisible = 0;
			defaultConfigurationName = Release;
		};
		5723BF9C2BC39846002209F2 /* Build configuration list for PBXNativeTarget "Symbolic" */ = {
			isa = XCConfigurationList;
			buildConfigurations = (
				5723BF9D2BC39846002209F2 /* Debug */,
				5723BF9E2BC39846002209F2 /* Release */,
			);
			defaultConfigurationIsVisible = 0;
			defaultConfigurationName = Release;
		};
		5723BF9F2BC39846002209F2 /* Build configuration list for PBXNativeTarget "SymbolicTests" */ = {
			isa = XCConfigurationList;
			buildConfigurations = (
				5723BFA02BC39846002209F2 /* Debug */,
				5723BFA12BC39846002209F2 /* Release */,
			);
			defaultConfigurationIsVisible = 0;
			defaultConfigurationName = Release;
		};
		5723BFA22BC39846002209F2 /* Build configuration list for PBXNativeTarget "SymbolicUITests" */ = {
			isa = XCConfigurationList;
			buildConfigurations = (
				5723BFA32BC39846002209F2 /* Debug */,
				5723BFA42BC39846002209F2 /* Release */,
			);
			defaultConfigurationIsVisible = 0;
			defaultConfigurationName = Release;
		};
/* End XCConfigurationList section */
	};
	rootObject = 5723BF6E2BC39844002209F2 /* Project object */;
}
