// !$*UTF8*$!
{
	archiveVersion = 1;
	classes = {
	};
	objectVersion = 56;
	objects = {

/* Begin PBXBuildFile section */
		5700C2C42BEB5AAF00481FA7 /* PanelBody.swift in Sources */ = {isa = PBXBuildFile; fileRef = 5700C2C32BEB5AAF00481FA7 /* PanelBody.swift */; };
		5700C2C62BEB5B0A00481FA7 /* PanelSection.swift in Sources */ = {isa = PBXBuildFile; fileRef = 5700C2C52BEB5B0A00481FA7 /* PanelSection.swift */; };
		5700C2C82BEBC4A800481FA7 /* FloatingPanel.swift in Sources */ = {isa = PBXBuildFile; fileRef = 5700C2C72BEBC4A800481FA7 /* FloatingPanel.swift */; };
		5700C2CA2BED162000481FA7 /* PanelStore.swift in Sources */ = {isa = PBXBuildFile; fileRef = 5700C2C92BED162000481FA7 /* PanelStore.swift */; };
		5700C2CD2BED169D00481FA7 /* PanelData.swift in Sources */ = {isa = PBXBuildFile; fileRef = 5700C2CC2BED169D00481FA7 /* PanelData.swift */; };
		5700C2CF2BEDB6EB00481FA7 /* DraggingSelection.swift in Sources */ = {isa = PBXBuildFile; fileRef = 5700C2CE2BEDB6EB00481FA7 /* DraggingSelection.swift */; };
		5700C2D12BEF0F0A00481FA7 /* AddingPath.swift in Sources */ = {isa = PBXBuildFile; fileRef = 5700C2D02BEF0F0A00481FA7 /* AddingPath.swift */; };
		5700C2D32BEF1A1C00481FA7 /* CanvasAction.swift in Sources */ = {isa = PBXBuildFile; fileRef = 5700C2D22BEF1A1C00481FA7 /* CanvasAction.swift */; };
		571B9B2A2C148B0800AAD516 /* FocusedPathStore.swift in Sources */ = {isa = PBXBuildFile; fileRef = 571B9B292C148B0800AAD516 /* FocusedPathStore.swift */; };
		571B9B2C2C14A62A00AAD516 /* ContextMenuView+FocusedPathMenu.swift in Sources */ = {isa = PBXBuildFile; fileRef = 571B9B2B2C14A62A00AAD516 /* ContextMenuView+FocusedPathMenu.swift */; };
		571B9B2E2C14A65A00AAD516 /* ContextMenuView+FocusedGroupMenu.swift in Sources */ = {isa = PBXBuildFile; fileRef = 571B9B2D2C14A65A00AAD516 /* ContextMenuView+FocusedGroupMenu.swift */; };
		571B9B302C14A68A00AAD516 /* ContextMenuView+SelectionMenu.swift in Sources */ = {isa = PBXBuildFile; fileRef = 571B9B2F2C14A68A00AAD516 /* ContextMenuView+SelectionMenu.swift */; };
		571B9B322C14A71600AAD516 /* ContextMenuView.swift in Sources */ = {isa = PBXBuildFile; fileRef = 571B9B312C14A71600AAD516 /* ContextMenuView.swift */; };
		571B9B342C14A74F00AAD516 /* ActiveItemView+GroupBounds.swift in Sources */ = {isa = PBXBuildFile; fileRef = 571B9B332C14A74F00AAD516 /* ActiveItemView+GroupBounds.swift */; };
		571B9B362C14A77500AAD516 /* ActiveItemView+PathBounds.swift in Sources */ = {isa = PBXBuildFile; fileRef = 571B9B352C14A77500AAD516 /* ActiveItemView+PathBounds.swift */; };
		571B9B382C14A79A00AAD516 /* ActiveItemView+SelectionBounds.swift in Sources */ = {isa = PBXBuildFile; fileRef = 571B9B372C14A79A00AAD516 /* ActiveItemView+SelectionBounds.swift */; };
		571B9B3B2C14A93F00AAD516 /* Optional+Extension.swift in Sources */ = {isa = PBXBuildFile; fileRef = 571B9B3A2C14A93F00AAD516 /* Optional+Extension.swift */; };
		571B9B3D2C14A97D00AAD516 /* UUID+Extension.swift in Sources */ = {isa = PBXBuildFile; fileRef = 571B9B3C2C14A97D00AAD516 /* UUID+Extension.swift */; };
		571B9B3F2C14A99200AAD516 /* IncrementalIdGenerator.swift in Sources */ = {isa = PBXBuildFile; fileRef = 571B9B3E2C14A99200AAD516 /* IncrementalIdGenerator.swift */; };
		571B9B412C14A9B600AAD516 /* Operators.swift in Sources */ = {isa = PBXBuildFile; fileRef = 571B9B402C14A9B600AAD516 /* Operators.swift */; };
		571B9B432C14AA1200AAD516 /* ClosedRange+Extension.swift in Sources */ = {isa = PBXBuildFile; fileRef = 571B9B422C14AA1200AAD516 /* ClosedRange+Extension.swift */; };
		571B9B452C14AA4500AAD516 /* String+Extension.swift in Sources */ = {isa = PBXBuildFile; fileRef = 571B9B442C14AA4500AAD516 /* String+Extension.swift */; };
		571B9B472C14AA5F00AAD516 /* Container+Extension.swift in Sources */ = {isa = PBXBuildFile; fileRef = 571B9B462C14AA5F00AAD516 /* Container+Extension.swift */; };
		5723BF7A2BC39844002209F2 /* SymbolicApp.swift in Sources */ = {isa = PBXBuildFile; fileRef = 5723BF792BC39844002209F2 /* SymbolicApp.swift */; };
		5723BF802BC39846002209F2 /* Assets.xcassets in Resources */ = {isa = PBXBuildFile; fileRef = 5723BF7F2BC39846002209F2 /* Assets.xcassets */; };
		5723BF832BC39846002209F2 /* Preview Assets.xcassets in Resources */ = {isa = PBXBuildFile; fileRef = 5723BF822BC39846002209F2 /* Preview Assets.xcassets */; };
		5723BF8D2BC39846002209F2 /* SymbolicTests.swift in Sources */ = {isa = PBXBuildFile; fileRef = 5723BF8C2BC39846002209F2 /* SymbolicTests.swift */; };
		5723BF972BC39846002209F2 /* SymbolicUITests.swift in Sources */ = {isa = PBXBuildFile; fileRef = 5723BF962BC39846002209F2 /* SymbolicUITests.swift */; };
		5723BF992BC39846002209F2 /* SymbolicUITestsLaunchTests.swift in Sources */ = {isa = PBXBuildFile; fileRef = 5723BF982BC39846002209F2 /* SymbolicUITestsLaunchTests.swift */; };
		5723BFA62BC39865002209F2 /* CanvasView.swift in Sources */ = {isa = PBXBuildFile; fileRef = 5723BFA52BC39865002209F2 /* CanvasView.swift */; };
		57241FA32C228A3400FB0E29 /* PanelPopover.swift in Sources */ = {isa = PBXBuildFile; fileRef = 57241FA22C228A3400FB0E29 /* PanelPopover.swift */; };
		572487762BDBAF860096DDE4 /* DocumentUpdater.swift in Sources */ = {isa = PBXBuildFile; fileRef = 572487752BDBAF860096DDE4 /* DocumentUpdater.swift */; };
		5724877C2BDF80000096DDE4 /* PathPanel+NodeRow.swift in Sources */ = {isa = PBXBuildFile; fileRef = 5724877B2BDF80000096DDE4 /* PathPanel+NodeRow.swift */; };
		572487832BDF82420096DDE4 /* FocusedPathView+NodeHandle.swift in Sources */ = {isa = PBXBuildFile; fileRef = 572487822BDF82420096DDE4 /* FocusedPathView+NodeHandle.swift */; };
		572487852BDF832D0096DDE4 /* FocusedPathView+EdgeHandle.swift in Sources */ = {isa = PBXBuildFile; fileRef = 572487842BDF832D0096DDE4 /* FocusedPathView+EdgeHandle.swift */; };
		572487872BDF83620096DDE4 /* FocusedPathView+BezierHandle.swift in Sources */ = {isa = PBXBuildFile; fileRef = 572487862BDF83620096DDE4 /* FocusedPathView+BezierHandle.swift */; };
		5724878A2BDF84070096DDE4 /* PositionPicker.swift in Sources */ = {isa = PBXBuildFile; fileRef = 572487892BDF84070096DDE4 /* PositionPicker.swift */; };
		5724878C2BDF841E0096DDE4 /* SizePicker.swift in Sources */ = {isa = PBXBuildFile; fileRef = 5724878B2BDF841E0096DDE4 /* SizePicker.swift */; };
		5724878E2BDF84310096DDE4 /* AnglePicker.swift in Sources */ = {isa = PBXBuildFile; fileRef = 5724878D2BDF84310096DDE4 /* AnglePicker.swift */; };
		572487902BDF8DE20096DDE4 /* HistoryPanel.swift in Sources */ = {isa = PBXBuildFile; fileRef = 5724878F2BDF8DE20096DDE4 /* HistoryPanel.swift */; };
		572487922BDFA7B80096DDE4 /* DocumentAction.swift in Sources */ = {isa = PBXBuildFile; fileRef = 572487912BDFA7B80096DDE4 /* DocumentAction.swift */; };
		572552832BF0572D002147AE /* OrderedMap.swift in Sources */ = {isa = PBXBuildFile; fileRef = 572552822BF0572D002147AE /* OrderedMap.swift */; };
		572552852BF0F2F8002147AE /* Logging.swift in Sources */ = {isa = PBXBuildFile; fileRef = 572552842BF0F2F8002147AE /* Logging.swift */; };
		572552872BF0F563002147AE /* Tracer.swift in Sources */ = {isa = PBXBuildFile; fileRef = 572552862BF0F563002147AE /* Tracer.swift */; };
		572CA9D52C319B8B003760B7 /* FileBrowserView.swift in Sources */ = {isa = PBXBuildFile; fileRef = 572CA9D42C319B8B003760B7 /* FileBrowserView.swift */; };
		572CA9D72C319BDC003760B7 /* FileRenameView.swift in Sources */ = {isa = PBXBuildFile; fileRef = 572CA9D62C319BDC003760B7 /* FileRenameView.swift */; };
		572CA9DA2C319E6B003760B7 /* DeletedFileBrowserView.swift in Sources */ = {isa = PBXBuildFile; fileRef = 572CA9D92C319E6B003760B7 /* DeletedFileBrowserView.swift */; };
		572CA9DC2C319EBB003760B7 /* FileBrowserStore.swift in Sources */ = {isa = PBXBuildFile; fileRef = 572CA9DB2C319EBB003760B7 /* FileBrowserStore.swift */; };
		572CA9DE2C31A001003760B7 /* FileEntryCard.swift in Sources */ = {isa = PBXBuildFile; fileRef = 572CA9DD2C31A001003760B7 /* FileEntryCard.swift */; };
		572CA9E02C31A0CA003760B7 /* RootStore.swift in Sources */ = {isa = PBXBuildFile; fileRef = 572CA9DF2C31A0CA003760B7 /* RootStore.swift */; };
		573204D62C15381C008E0DED /* ContextMenuView+FocusedPathSelectionMenu.swift in Sources */ = {isa = PBXBuildFile; fileRef = 573204D52C15381C008E0DED /* ContextMenuView+FocusedPathSelectionMenu.swift */; };
		573204D82C159DDC008E0DED /* FocusedPathView+SelectionBounds.swift in Sources */ = {isa = PBXBuildFile; fileRef = 573204D72C159DDC008E0DED /* FocusedPathView+SelectionBounds.swift */; };
		573204DA2C15D8BF008E0DED /* ItemsView.swift in Sources */ = {isa = PBXBuildFile; fileRef = 573204D92C15D8BF008E0DED /* ItemsView.swift */; };
		573204DC2C15DDA2008E0DED /* ItemPanel+ItemRow.swift in Sources */ = {isa = PBXBuildFile; fileRef = 573204DB2C15DDA2008E0DED /* ItemPanel+ItemRow.swift */; };
		57416E3A2BE0BAB600C73434 /* Line.swift in Sources */ = {isa = PBXBuildFile; fileRef = 57416E392BE0BAB600C73434 /* Line.swift */; };
		57416E3F2BE12A9500C73434 /* PathSegment.swift in Sources */ = {isa = PBXBuildFile; fileRef = 57416E3E2BE12A9500C73434 /* PathSegment.swift */; };
		57416E432BE12D7100C73434 /* LineSegment.swift in Sources */ = {isa = PBXBuildFile; fileRef = 57416E422BE12D7100C73434 /* LineSegment.swift */; };
		57416E472BE2851D00C73434 /* MultipleGesture.swift in Sources */ = {isa = PBXBuildFile; fileRef = 57416E462BE2851D00C73434 /* MultipleGesture.swift */; };
		57416E492BE5252000C73434 /* FlagInput.swift in Sources */ = {isa = PBXBuildFile; fileRef = 57416E482BE5252000C73434 /* FlagInput.swift */; };
		574CC7BA2BF3B2950042FEE3 /* GlobalStore.swift in Sources */ = {isa = PBXBuildFile; fileRef = 574CC7B92BF3B2950042FEE3 /* GlobalStore.swift */; };
		574CC7BC2BF44C390042FEE3 /* Memo.swift in Sources */ = {isa = PBXBuildFile; fileRef = 574CC7BB2BF44C390042FEE3 /* Memo.swift */; };
		574CC7C02BF44CE30042FEE3 /* Color+UIColor.swift in Sources */ = {isa = PBXBuildFile; fileRef = 574CC7BF2BF44CE30042FEE3 /* Color+UIColor.swift */; };
		574CC7C22BF44D630042FEE3 /* ManagedScrollView.swift in Sources */ = {isa = PBXBuildFile; fileRef = 574CC7C12BF44D630042FEE3 /* ManagedScrollView.swift */; };
		574CC7C42BF44DB00042FEE3 /* AxisAlign.swift in Sources */ = {isa = PBXBuildFile; fileRef = 574CC7C32BF44DB00042FEE3 /* AxisAlign.swift */; };
		574CC7CE2BF4FD7E0042FEE3 /* Geometry.swift in Sources */ = {isa = PBXBuildFile; fileRef = 574CC7CD2BF4FD7E0042FEE3 /* Geometry.swift */; };
		574CC7D02BF4FDAF0042FEE3 /* MathProtocols.swift in Sources */ = {isa = PBXBuildFile; fileRef = 574CC7CF2BF4FDAF0042FEE3 /* MathProtocols.swift */; };
		574CC7D22BF4FE8F0042FEE3 /* Protocols.swift in Sources */ = {isa = PBXBuildFile; fileRef = 574CC7D12BF4FE8F0042FEE3 /* Protocols.swift */; };
		574CC7D42BF4FFCB0042FEE3 /* PropertyWrappers.swift in Sources */ = {isa = PBXBuildFile; fileRef = 574CC7D32BF4FFCB0042FEE3 /* PropertyWrappers.swift */; };
		574CC7D82BF757630042FEE3 /* Store.swift in Sources */ = {isa = PBXBuildFile; fileRef = 574CC7D72BF757630042FEE3 /* Store.swift */; };
		574CC7DD2BF9A6710042FEE3 /* Toolbar.swift in Sources */ = {isa = PBXBuildFile; fileRef = 574CC7DC2BF9A6710042FEE3 /* Toolbar.swift */; };
		574CC7E22BFA39BD0042FEE3 /* Animation.swift in Sources */ = {isa = PBXBuildFile; fileRef = 574CC7E12BFA39BD0042FEE3 /* Animation.swift */; };
		574CC7E42BFA3DF40042FEE3 /* Gesture+Extension.swift in Sources */ = {isa = PBXBuildFile; fileRef = 574CC7E32BFA3DF40042FEE3 /* Gesture+Extension.swift */; };
		574CC7E82BFA3EAF0042FEE3 /* ContextMenuStore.swift in Sources */ = {isa = PBXBuildFile; fileRef = 574CC7E72BFA3EAF0042FEE3 /* ContextMenuStore.swift */; };
		574CC7EA2BFA53310042FEE3 /* FocusedPathView+Stroke.swift in Sources */ = {isa = PBXBuildFile; fileRef = 574CC7E92BFA53310042FEE3 /* FocusedPathView+Stroke.swift */; };
		574CC7F22BFCCFCA0042FEE3 /* GridStore.swift in Sources */ = {isa = PBXBuildFile; fileRef = 574CC7F12BFCCFCA0042FEE3 /* GridStore.swift */; };
		575C3CF42BD5EC700035B758 /* DebugPanel.swift in Sources */ = {isa = PBXBuildFile; fileRef = 575C3CF32BD5EC700035B758 /* DebugPanel.swift */; };
		575C3CF62BD60C200035B758 /* PathPanel.swift in Sources */ = {isa = PBXBuildFile; fileRef = 575C3CF52BD60C200035B758 /* PathPanel.swift */; };
		575C3CF82BD808560035B758 /* DecimalInput.swift in Sources */ = {isa = PBXBuildFile; fileRef = 575C3CF72BD808560035B758 /* DecimalInput.swift */; };
		575C3CFA2BD9F11E0035B758 /* FocusedPathView.swift in Sources */ = {isa = PBXBuildFile; fileRef = 575C3CF92BD9F11E0035B758 /* FocusedPathView.swift */; };
		575C3CFC2BDA14590035B758 /* PathStore.swift in Sources */ = {isa = PBXBuildFile; fileRef = 575C3CFB2BDA14590035B758 /* PathStore.swift */; };
		576BE2652C048F6900353912 /* ActiveItemView.swift in Sources */ = {isa = PBXBuildFile; fileRef = 576BE2642C048F6900353912 /* ActiveItemView.swift */; };
		576BE2672C0828A000353912 /* View+Modifiers.swift in Sources */ = {isa = PBXBuildFile; fileRef = 576BE2662C0828A000353912 /* View+Modifiers.swift */; };
		5774B1602BFD864300C53CDD /* Background.swift in Sources */ = {isa = PBXBuildFile; fileRef = 5774B15F2BFD864300C53CDD /* Background.swift */; };
		57B5F1142BC62CFB001E1B2E /* LinearAlgebra.swift in Sources */ = {isa = PBXBuildFile; fileRef = 57B5F1132BC62CFB001E1B2E /* LinearAlgebra.swift */; };
		57B5F1162BC62E87001E1B2E /* MultipleTouch.swift in Sources */ = {isa = PBXBuildFile; fileRef = 57B5F1152BC62E87001E1B2E /* MultipleTouch.swift */; };
		57B5F1182BC62F65001E1B2E /* TouchDebugView.swift in Sources */ = {isa = PBXBuildFile; fileRef = 57B5F1172BC62F65001E1B2E /* TouchDebugView.swift */; };
		57B5F11A2BC62FA3001E1B2E /* MultipleTouchGesture.swift in Sources */ = {isa = PBXBuildFile; fileRef = 57B5F1192BC62FA3001E1B2E /* MultipleTouchGesture.swift */; };
		57B5F11C2BC639B2001E1B2E /* Viewport.swift in Sources */ = {isa = PBXBuildFile; fileRef = 57B5F11B2BC639B2001E1B2E /* Viewport.swift */; };
		57B5F11F2BC777F0001E1B2E /* Path.swift in Sources */ = {isa = PBXBuildFile; fileRef = 57B5F11E2BC777F0001E1B2E /* Path.swift */; };
		57B5F1262BCCB3C2001E1B2E /* SVGPath.swift in Sources */ = {isa = PBXBuildFile; fileRef = 57B5F1252BCCB3C2001E1B2E /* SVGPath.swift */; };
		57B5F1282BCCC1FB001E1B2E /* SVGParser.swift in Sources */ = {isa = PBXBuildFile; fileRef = 57B5F1272BCCC1FB001E1B2E /* SVGParser.swift */; };
		57B5F12A2BCD02F3001E1B2E /* Path+SVG.swift in Sources */ = {isa = PBXBuildFile; fileRef = 57B5F1292BCD02F3001E1B2E /* Path+SVG.swift */; };
		57B5F12C2BCE0FC0001E1B2E /* ArcParams.swift in Sources */ = {isa = PBXBuildFile; fileRef = 57B5F12B2BCE0FC0001E1B2E /* ArcParams.swift */; };
		57B5F1402BD4A3EF001E1B2E /* ActiveItemStore.swift in Sources */ = {isa = PBXBuildFile; fileRef = 57B5F13F2BD4A3EF001E1B2E /* ActiveItemStore.swift */; };
		57B5F1442BD4A621001E1B2E /* MiscUtils.swift in Sources */ = {isa = PBXBuildFile; fileRef = 57B5F1432BD4A621001E1B2E /* MiscUtils.swift */; };
		57B5F1492BD54279001E1B2E /* DocumentEvent.swift in Sources */ = {isa = PBXBuildFile; fileRef = 57B5F1482BD54279001E1B2E /* DocumentEvent.swift */; };
		57B5F14B2BD54AA5001E1B2E /* Document.swift in Sources */ = {isa = PBXBuildFile; fileRef = 57B5F14A2BD54AA5001E1B2E /* Document.swift */; };
		57B703EC2C362CEC00B60F36 /* GeometryEffectWrapper.swift in Sources */ = {isa = PBXBuildFile; fileRef = 57B703EB2C362CEC00B60F36 /* GeometryEffectWrapper.swift */; };
		57B847882C0C9DE100D0E7C3 /* EquatableBy.swift in Sources */ = {isa = PBXBuildFile; fileRef = 57B847872C0C9DE100D0E7C3 /* EquatableBy.swift */; };
		57B8478D2C0DB07700D0E7C3 /* PathProperty.swift in Sources */ = {isa = PBXBuildFile; fileRef = 57B8478C2C0DB07700D0E7C3 /* PathProperty.swift */; };
		57B847912C0E12AC00D0E7C3 /* PathPropertyStore.swift in Sources */ = {isa = PBXBuildFile; fileRef = 57B847902C0E12AC00D0E7C3 /* PathPropertyStore.swift */; };
		57DD2A162C0236E60046931C /* ItemStore.swift in Sources */ = {isa = PBXBuildFile; fileRef = 57DD2A152C0236E60046931C /* ItemStore.swift */; };
		57DD2A1B2C02DB250046931C /* CanvasActionStore.swift in Sources */ = {isa = PBXBuildFile; fileRef = 57DD2A1A2C02DB250046931C /* CanvasActionStore.swift */; };
		57DD2A1D2C02DB5A0046931C /* Grid.swift in Sources */ = {isa = PBXBuildFile; fileRef = 57DD2A1C2C02DB5A0046931C /* Grid.swift */; };
		57DD2A212C02DB850046931C /* Item.swift in Sources */ = {isa = PBXBuildFile; fileRef = 57DD2A202C02DB850046931C /* Item.swift */; };
		57DD2A282C0321110046931C /* ItemPanel.swift in Sources */ = {isa = PBXBuildFile; fileRef = 57DD2A272C0321110046931C /* ItemPanel.swift */; };
		57E082062C230526008CC67B /* RootView.swift in Sources */ = {isa = PBXBuildFile; fileRef = 57E082052C230526008CC67B /* RootView.swift */; };
		57E082082C25B9BA008CC67B /* DocumentModel.swift in Sources */ = {isa = PBXBuildFile; fileRef = 57E082072C25B9BA008CC67B /* DocumentModel.swift */; };
		57E0820E2C27A7F9008CC67B /* FileDirectoryView.swift in Sources */ = {isa = PBXBuildFile; fileRef = 57E0820D2C27A7F9008CC67B /* FileDirectoryView.swift */; };
		57E082132C27A8EC008CC67B /* FileTree.swift in Sources */ = {isa = PBXBuildFile; fileRef = 57E082122C27A8EC008CC67B /* FileTree.swift */; };
		57E082152C27B1F7008CC67B /* CancellablesHolder.swift in Sources */ = {isa = PBXBuildFile; fileRef = 57E082142C27B1F7008CC67B /* CancellablesHolder.swift */; };
		57E082192C28FD26008CC67B /* Localizable.xcstrings in Resources */ = {isa = PBXBuildFile; fileRef = 57E082182C28FD26008CC67B /* Localizable.xcstrings */; };
/* End PBXBuildFile section */

/* Begin PBXContainerItemProxy section */
		5723BF892BC39846002209F2 /* PBXContainerItemProxy */ = {
			isa = PBXContainerItemProxy;
			containerPortal = 5723BF6E2BC39844002209F2 /* Project object */;
			proxyType = 1;
			remoteGlobalIDString = 5723BF752BC39844002209F2;
			remoteInfo = Symbolic;
		};
		5723BF932BC39846002209F2 /* PBXContainerItemProxy */ = {
			isa = PBXContainerItemProxy;
			containerPortal = 5723BF6E2BC39844002209F2 /* Project object */;
			proxyType = 1;
			remoteGlobalIDString = 5723BF752BC39844002209F2;
			remoteInfo = Symbolic;
		};
/* End PBXContainerItemProxy section */

/* Begin PBXFileReference section */
		5700C2C32BEB5AAF00481FA7 /* PanelBody.swift */ = {isa = PBXFileReference; lastKnownFileType = sourcecode.swift; path = PanelBody.swift; sourceTree = "<group>"; };
		5700C2C52BEB5B0A00481FA7 /* PanelSection.swift */ = {isa = PBXFileReference; lastKnownFileType = sourcecode.swift; path = PanelSection.swift; sourceTree = "<group>"; };
		5700C2C72BEBC4A800481FA7 /* FloatingPanel.swift */ = {isa = PBXFileReference; lastKnownFileType = sourcecode.swift; path = FloatingPanel.swift; sourceTree = "<group>"; };
		5700C2C92BED162000481FA7 /* PanelStore.swift */ = {isa = PBXFileReference; lastKnownFileType = sourcecode.swift; path = PanelStore.swift; sourceTree = "<group>"; };
		5700C2CC2BED169D00481FA7 /* PanelData.swift */ = {isa = PBXFileReference; lastKnownFileType = sourcecode.swift; path = PanelData.swift; sourceTree = "<group>"; };
		5700C2CE2BEDB6EB00481FA7 /* DraggingSelection.swift */ = {isa = PBXFileReference; lastKnownFileType = sourcecode.swift; path = DraggingSelection.swift; sourceTree = "<group>"; };
		5700C2D02BEF0F0A00481FA7 /* AddingPath.swift */ = {isa = PBXFileReference; lastKnownFileType = sourcecode.swift; path = AddingPath.swift; sourceTree = "<group>"; };
		5700C2D22BEF1A1C00481FA7 /* CanvasAction.swift */ = {isa = PBXFileReference; lastKnownFileType = sourcecode.swift; path = CanvasAction.swift; sourceTree = "<group>"; };
		571B9B292C148B0800AAD516 /* FocusedPathStore.swift */ = {isa = PBXFileReference; lastKnownFileType = sourcecode.swift; path = FocusedPathStore.swift; sourceTree = "<group>"; };
		571B9B2B2C14A62A00AAD516 /* ContextMenuView+FocusedPathMenu.swift */ = {isa = PBXFileReference; lastKnownFileType = sourcecode.swift; path = "ContextMenuView+FocusedPathMenu.swift"; sourceTree = "<group>"; };
		571B9B2D2C14A65A00AAD516 /* ContextMenuView+FocusedGroupMenu.swift */ = {isa = PBXFileReference; lastKnownFileType = sourcecode.swift; path = "ContextMenuView+FocusedGroupMenu.swift"; sourceTree = "<group>"; };
		571B9B2F2C14A68A00AAD516 /* ContextMenuView+SelectionMenu.swift */ = {isa = PBXFileReference; lastKnownFileType = sourcecode.swift; path = "ContextMenuView+SelectionMenu.swift"; sourceTree = "<group>"; };
		571B9B312C14A71600AAD516 /* ContextMenuView.swift */ = {isa = PBXFileReference; lastKnownFileType = sourcecode.swift; path = ContextMenuView.swift; sourceTree = "<group>"; };
		571B9B332C14A74F00AAD516 /* ActiveItemView+GroupBounds.swift */ = {isa = PBXFileReference; lastKnownFileType = sourcecode.swift; path = "ActiveItemView+GroupBounds.swift"; sourceTree = "<group>"; };
		571B9B352C14A77500AAD516 /* ActiveItemView+PathBounds.swift */ = {isa = PBXFileReference; lastKnownFileType = sourcecode.swift; path = "ActiveItemView+PathBounds.swift"; sourceTree = "<group>"; };
		571B9B372C14A79A00AAD516 /* ActiveItemView+SelectionBounds.swift */ = {isa = PBXFileReference; lastKnownFileType = sourcecode.swift; path = "ActiveItemView+SelectionBounds.swift"; sourceTree = "<group>"; };
		571B9B3A2C14A93F00AAD516 /* Optional+Extension.swift */ = {isa = PBXFileReference; lastKnownFileType = sourcecode.swift; path = "Optional+Extension.swift"; sourceTree = "<group>"; };
		571B9B3C2C14A97D00AAD516 /* UUID+Extension.swift */ = {isa = PBXFileReference; lastKnownFileType = sourcecode.swift; path = "UUID+Extension.swift"; sourceTree = "<group>"; };
		571B9B3E2C14A99200AAD516 /* IncrementalIdGenerator.swift */ = {isa = PBXFileReference; lastKnownFileType = sourcecode.swift; path = IncrementalIdGenerator.swift; sourceTree = "<group>"; };
		571B9B402C14A9B600AAD516 /* Operators.swift */ = {isa = PBXFileReference; lastKnownFileType = sourcecode.swift; path = Operators.swift; sourceTree = "<group>"; };
		571B9B422C14AA1200AAD516 /* ClosedRange+Extension.swift */ = {isa = PBXFileReference; lastKnownFileType = sourcecode.swift; path = "ClosedRange+Extension.swift"; sourceTree = "<group>"; };
		571B9B442C14AA4500AAD516 /* String+Extension.swift */ = {isa = PBXFileReference; lastKnownFileType = sourcecode.swift; path = "String+Extension.swift"; sourceTree = "<group>"; };
		571B9B462C14AA5F00AAD516 /* Container+Extension.swift */ = {isa = PBXFileReference; lastKnownFileType = sourcecode.swift; path = "Container+Extension.swift"; sourceTree = "<group>"; };
		5723BF762BC39844002209F2 /* Symbolic.app */ = {isa = PBXFileReference; explicitFileType = wrapper.application; includeInIndex = 0; path = Symbolic.app; sourceTree = BUILT_PRODUCTS_DIR; };
		5723BF792BC39844002209F2 /* SymbolicApp.swift */ = {isa = PBXFileReference; lastKnownFileType = sourcecode.swift; path = SymbolicApp.swift; sourceTree = "<group>"; };
		5723BF7F2BC39846002209F2 /* Assets.xcassets */ = {isa = PBXFileReference; lastKnownFileType = folder.assetcatalog; path = Assets.xcassets; sourceTree = "<group>"; };
		5723BF822BC39846002209F2 /* Preview Assets.xcassets */ = {isa = PBXFileReference; lastKnownFileType = folder.assetcatalog; path = "Preview Assets.xcassets"; sourceTree = "<group>"; };
		5723BF882BC39846002209F2 /* SymbolicTests.xctest */ = {isa = PBXFileReference; explicitFileType = wrapper.cfbundle; includeInIndex = 0; path = SymbolicTests.xctest; sourceTree = BUILT_PRODUCTS_DIR; };
		5723BF8C2BC39846002209F2 /* SymbolicTests.swift */ = {isa = PBXFileReference; lastKnownFileType = sourcecode.swift; path = SymbolicTests.swift; sourceTree = "<group>"; };
		5723BF922BC39846002209F2 /* SymbolicUITests.xctest */ = {isa = PBXFileReference; explicitFileType = wrapper.cfbundle; includeInIndex = 0; path = SymbolicUITests.xctest; sourceTree = BUILT_PRODUCTS_DIR; };
		5723BF962BC39846002209F2 /* SymbolicUITests.swift */ = {isa = PBXFileReference; lastKnownFileType = sourcecode.swift; path = SymbolicUITests.swift; sourceTree = "<group>"; };
		5723BF982BC39846002209F2 /* SymbolicUITestsLaunchTests.swift */ = {isa = PBXFileReference; lastKnownFileType = sourcecode.swift; path = SymbolicUITestsLaunchTests.swift; sourceTree = "<group>"; };
		5723BFA52BC39865002209F2 /* CanvasView.swift */ = {isa = PBXFileReference; lastKnownFileType = sourcecode.swift; path = CanvasView.swift; sourceTree = "<group>"; };
		57241FA22C228A3400FB0E29 /* PanelPopover.swift */ = {isa = PBXFileReference; lastKnownFileType = sourcecode.swift; path = PanelPopover.swift; sourceTree = "<group>"; };
		572487752BDBAF860096DDE4 /* DocumentUpdater.swift */ = {isa = PBXFileReference; lastKnownFileType = sourcecode.swift; path = DocumentUpdater.swift; sourceTree = "<group>"; };
		5724877B2BDF80000096DDE4 /* PathPanel+NodeRow.swift */ = {isa = PBXFileReference; lastKnownFileType = sourcecode.swift; path = "PathPanel+NodeRow.swift"; sourceTree = "<group>"; };
		572487822BDF82420096DDE4 /* FocusedPathView+NodeHandle.swift */ = {isa = PBXFileReference; lastKnownFileType = sourcecode.swift; path = "FocusedPathView+NodeHandle.swift"; sourceTree = "<group>"; };
		572487842BDF832D0096DDE4 /* FocusedPathView+EdgeHandle.swift */ = {isa = PBXFileReference; lastKnownFileType = sourcecode.swift; path = "FocusedPathView+EdgeHandle.swift"; sourceTree = "<group>"; };
		572487862BDF83620096DDE4 /* FocusedPathView+BezierHandle.swift */ = {isa = PBXFileReference; lastKnownFileType = sourcecode.swift; path = "FocusedPathView+BezierHandle.swift"; sourceTree = "<group>"; };
		572487892BDF84070096DDE4 /* PositionPicker.swift */ = {isa = PBXFileReference; lastKnownFileType = sourcecode.swift; path = PositionPicker.swift; sourceTree = "<group>"; };
		5724878B2BDF841E0096DDE4 /* SizePicker.swift */ = {isa = PBXFileReference; lastKnownFileType = sourcecode.swift; path = SizePicker.swift; sourceTree = "<group>"; };
		5724878D2BDF84310096DDE4 /* AnglePicker.swift */ = {isa = PBXFileReference; lastKnownFileType = sourcecode.swift; path = AnglePicker.swift; sourceTree = "<group>"; };
		5724878F2BDF8DE20096DDE4 /* HistoryPanel.swift */ = {isa = PBXFileReference; lastKnownFileType = sourcecode.swift; path = HistoryPanel.swift; sourceTree = "<group>"; };
		572487912BDFA7B80096DDE4 /* DocumentAction.swift */ = {isa = PBXFileReference; lastKnownFileType = sourcecode.swift; path = DocumentAction.swift; sourceTree = "<group>"; };
		572552822BF0572D002147AE /* OrderedMap.swift */ = {isa = PBXFileReference; lastKnownFileType = sourcecode.swift; path = OrderedMap.swift; sourceTree = "<group>"; };
		572552842BF0F2F8002147AE /* Logging.swift */ = {isa = PBXFileReference; lastKnownFileType = sourcecode.swift; path = Logging.swift; sourceTree = "<group>"; };
		572552862BF0F563002147AE /* Tracer.swift */ = {isa = PBXFileReference; lastKnownFileType = sourcecode.swift; path = Tracer.swift; sourceTree = "<group>"; };
		572CA9D42C319B8B003760B7 /* FileBrowserView.swift */ = {isa = PBXFileReference; lastKnownFileType = sourcecode.swift; path = FileBrowserView.swift; sourceTree = "<group>"; };
		572CA9D62C319BDC003760B7 /* FileRenameView.swift */ = {isa = PBXFileReference; lastKnownFileType = sourcecode.swift; path = FileRenameView.swift; sourceTree = "<group>"; };
		572CA9D92C319E6B003760B7 /* DeletedFileBrowserView.swift */ = {isa = PBXFileReference; lastKnownFileType = sourcecode.swift; path = DeletedFileBrowserView.swift; sourceTree = "<group>"; };
		572CA9DB2C319EBB003760B7 /* FileBrowserStore.swift */ = {isa = PBXFileReference; lastKnownFileType = sourcecode.swift; path = FileBrowserStore.swift; sourceTree = "<group>"; };
		572CA9DD2C31A001003760B7 /* FileEntryCard.swift */ = {isa = PBXFileReference; lastKnownFileType = sourcecode.swift; path = FileEntryCard.swift; sourceTree = "<group>"; };
		572CA9DF2C31A0CA003760B7 /* RootStore.swift */ = {isa = PBXFileReference; lastKnownFileType = sourcecode.swift; path = RootStore.swift; sourceTree = "<group>"; };
		573204D52C15381C008E0DED /* ContextMenuView+FocusedPathSelectionMenu.swift */ = {isa = PBXFileReference; lastKnownFileType = sourcecode.swift; path = "ContextMenuView+FocusedPathSelectionMenu.swift"; sourceTree = "<group>"; };
		573204D72C159DDC008E0DED /* FocusedPathView+SelectionBounds.swift */ = {isa = PBXFileReference; lastKnownFileType = sourcecode.swift; path = "FocusedPathView+SelectionBounds.swift"; sourceTree = "<group>"; };
		573204D92C15D8BF008E0DED /* ItemsView.swift */ = {isa = PBXFileReference; lastKnownFileType = sourcecode.swift; path = ItemsView.swift; sourceTree = "<group>"; };
		573204DB2C15DDA2008E0DED /* ItemPanel+ItemRow.swift */ = {isa = PBXFileReference; lastKnownFileType = sourcecode.swift; path = "ItemPanel+ItemRow.swift"; sourceTree = "<group>"; };
		57416E392BE0BAB600C73434 /* Line.swift */ = {isa = PBXFileReference; lastKnownFileType = sourcecode.swift; path = Line.swift; sourceTree = "<group>"; };
		57416E3E2BE12A9500C73434 /* PathSegment.swift */ = {isa = PBXFileReference; lastKnownFileType = sourcecode.swift; path = PathSegment.swift; sourceTree = "<group>"; };
		57416E422BE12D7100C73434 /* LineSegment.swift */ = {isa = PBXFileReference; lastKnownFileType = sourcecode.swift; path = LineSegment.swift; sourceTree = "<group>"; };
		57416E462BE2851D00C73434 /* MultipleGesture.swift */ = {isa = PBXFileReference; lastKnownFileType = sourcecode.swift; path = MultipleGesture.swift; sourceTree = "<group>"; };
		57416E482BE5252000C73434 /* FlagInput.swift */ = {isa = PBXFileReference; lastKnownFileType = sourcecode.swift; path = FlagInput.swift; sourceTree = "<group>"; };
		574CC7B92BF3B2950042FEE3 /* GlobalStore.swift */ = {isa = PBXFileReference; lastKnownFileType = sourcecode.swift; path = GlobalStore.swift; sourceTree = "<group>"; };
		574CC7BB2BF44C390042FEE3 /* Memo.swift */ = {isa = PBXFileReference; lastKnownFileType = sourcecode.swift; path = Memo.swift; sourceTree = "<group>"; };
		574CC7BF2BF44CE30042FEE3 /* Color+UIColor.swift */ = {isa = PBXFileReference; lastKnownFileType = sourcecode.swift; path = "Color+UIColor.swift"; sourceTree = "<group>"; };
		574CC7C12BF44D630042FEE3 /* ManagedScrollView.swift */ = {isa = PBXFileReference; lastKnownFileType = sourcecode.swift; path = ManagedScrollView.swift; sourceTree = "<group>"; };
		574CC7C32BF44DB00042FEE3 /* AxisAlign.swift */ = {isa = PBXFileReference; lastKnownFileType = sourcecode.swift; path = AxisAlign.swift; sourceTree = "<group>"; };
		574CC7CD2BF4FD7E0042FEE3 /* Geometry.swift */ = {isa = PBXFileReference; lastKnownFileType = sourcecode.swift; path = Geometry.swift; sourceTree = "<group>"; };
		574CC7CF2BF4FDAF0042FEE3 /* MathProtocols.swift */ = {isa = PBXFileReference; lastKnownFileType = sourcecode.swift; path = MathProtocols.swift; sourceTree = "<group>"; };
		574CC7D12BF4FE8F0042FEE3 /* Protocols.swift */ = {isa = PBXFileReference; lastKnownFileType = sourcecode.swift; path = Protocols.swift; sourceTree = "<group>"; };
		574CC7D32BF4FFCB0042FEE3 /* PropertyWrappers.swift */ = {isa = PBXFileReference; lastKnownFileType = sourcecode.swift; path = PropertyWrappers.swift; sourceTree = "<group>"; };
		574CC7D72BF757630042FEE3 /* Store.swift */ = {isa = PBXFileReference; lastKnownFileType = sourcecode.swift; path = Store.swift; sourceTree = "<group>"; };
		574CC7DC2BF9A6710042FEE3 /* Toolbar.swift */ = {isa = PBXFileReference; lastKnownFileType = sourcecode.swift; path = Toolbar.swift; sourceTree = "<group>"; };
		574CC7E12BFA39BD0042FEE3 /* Animation.swift */ = {isa = PBXFileReference; lastKnownFileType = sourcecode.swift; path = Animation.swift; sourceTree = "<group>"; };
		574CC7E32BFA3DF40042FEE3 /* Gesture+Extension.swift */ = {isa = PBXFileReference; lastKnownFileType = sourcecode.swift; path = "Gesture+Extension.swift"; sourceTree = "<group>"; };
		574CC7E72BFA3EAF0042FEE3 /* ContextMenuStore.swift */ = {isa = PBXFileReference; lastKnownFileType = sourcecode.swift; path = ContextMenuStore.swift; sourceTree = "<group>"; };
		574CC7E92BFA53310042FEE3 /* FocusedPathView+Stroke.swift */ = {isa = PBXFileReference; lastKnownFileType = sourcecode.swift; path = "FocusedPathView+Stroke.swift"; sourceTree = "<group>"; };
		574CC7F12BFCCFCA0042FEE3 /* GridStore.swift */ = {isa = PBXFileReference; lastKnownFileType = sourcecode.swift; path = GridStore.swift; sourceTree = "<group>"; };
		575C3CF32BD5EC700035B758 /* DebugPanel.swift */ = {isa = PBXFileReference; lastKnownFileType = sourcecode.swift; path = DebugPanel.swift; sourceTree = "<group>"; };
		575C3CF52BD60C200035B758 /* PathPanel.swift */ = {isa = PBXFileReference; lastKnownFileType = sourcecode.swift; path = PathPanel.swift; sourceTree = "<group>"; };
		575C3CF72BD808560035B758 /* DecimalInput.swift */ = {isa = PBXFileReference; lastKnownFileType = sourcecode.swift; path = DecimalInput.swift; sourceTree = "<group>"; };
		575C3CF92BD9F11E0035B758 /* FocusedPathView.swift */ = {isa = PBXFileReference; lastKnownFileType = sourcecode.swift; path = FocusedPathView.swift; sourceTree = "<group>"; };
		575C3CFB2BDA14590035B758 /* PathStore.swift */ = {isa = PBXFileReference; lastKnownFileType = sourcecode.swift; path = PathStore.swift; sourceTree = "<group>"; };
		576BE2642C048F6900353912 /* ActiveItemView.swift */ = {isa = PBXFileReference; lastKnownFileType = sourcecode.swift; path = ActiveItemView.swift; sourceTree = "<group>"; };
		576BE2662C0828A000353912 /* View+Modifiers.swift */ = {isa = PBXFileReference; lastKnownFileType = sourcecode.swift; path = "View+Modifiers.swift"; sourceTree = "<group>"; };
		5774B15F2BFD864300C53CDD /* Background.swift */ = {isa = PBXFileReference; lastKnownFileType = sourcecode.swift; path = Background.swift; sourceTree = "<group>"; };
		57B5F1132BC62CFB001E1B2E /* LinearAlgebra.swift */ = {isa = PBXFileReference; lastKnownFileType = sourcecode.swift; path = LinearAlgebra.swift; sourceTree = "<group>"; };
		57B5F1152BC62E87001E1B2E /* MultipleTouch.swift */ = {isa = PBXFileReference; lastKnownFileType = sourcecode.swift; path = MultipleTouch.swift; sourceTree = "<group>"; };
		57B5F1172BC62F65001E1B2E /* TouchDebugView.swift */ = {isa = PBXFileReference; lastKnownFileType = sourcecode.swift; path = TouchDebugView.swift; sourceTree = "<group>"; };
		57B5F1192BC62FA3001E1B2E /* MultipleTouchGesture.swift */ = {isa = PBXFileReference; lastKnownFileType = sourcecode.swift; path = MultipleTouchGesture.swift; sourceTree = "<group>"; };
		57B5F11B2BC639B2001E1B2E /* Viewport.swift */ = {isa = PBXFileReference; lastKnownFileType = sourcecode.swift; path = Viewport.swift; sourceTree = "<group>"; };
		57B5F11E2BC777F0001E1B2E /* Path.swift */ = {isa = PBXFileReference; lastKnownFileType = sourcecode.swift; path = Path.swift; sourceTree = "<group>"; };
		57B5F1252BCCB3C2001E1B2E /* SVGPath.swift */ = {isa = PBXFileReference; lastKnownFileType = sourcecode.swift; path = SVGPath.swift; sourceTree = "<group>"; };
		57B5F1272BCCC1FB001E1B2E /* SVGParser.swift */ = {isa = PBXFileReference; lastKnownFileType = sourcecode.swift; path = SVGParser.swift; sourceTree = "<group>"; };
		57B5F1292BCD02F3001E1B2E /* Path+SVG.swift */ = {isa = PBXFileReference; lastKnownFileType = sourcecode.swift; path = "Path+SVG.swift"; sourceTree = "<group>"; };
		57B5F12B2BCE0FC0001E1B2E /* ArcParams.swift */ = {isa = PBXFileReference; lastKnownFileType = sourcecode.swift; path = ArcParams.swift; sourceTree = "<group>"; };
		57B5F13F2BD4A3EF001E1B2E /* ActiveItemStore.swift */ = {isa = PBXFileReference; lastKnownFileType = sourcecode.swift; path = ActiveItemStore.swift; sourceTree = "<group>"; };
		57B5F1432BD4A621001E1B2E /* MiscUtils.swift */ = {isa = PBXFileReference; lastKnownFileType = sourcecode.swift; path = MiscUtils.swift; sourceTree = "<group>"; };
		57B5F1482BD54279001E1B2E /* DocumentEvent.swift */ = {isa = PBXFileReference; lastKnownFileType = sourcecode.swift; path = DocumentEvent.swift; sourceTree = "<group>"; };
		57B5F14A2BD54AA5001E1B2E /* Document.swift */ = {isa = PBXFileReference; lastKnownFileType = sourcecode.swift; path = Document.swift; sourceTree = "<group>"; };
		57B703EB2C362CEC00B60F36 /* GeometryEffectWrapper.swift */ = {isa = PBXFileReference; lastKnownFileType = sourcecode.swift; path = GeometryEffectWrapper.swift; sourceTree = "<group>"; };
		57B847872C0C9DE100D0E7C3 /* EquatableBy.swift */ = {isa = PBXFileReference; lastKnownFileType = sourcecode.swift; path = EquatableBy.swift; sourceTree = "<group>"; };
		57B8478C2C0DB07700D0E7C3 /* PathProperty.swift */ = {isa = PBXFileReference; lastKnownFileType = sourcecode.swift; path = PathProperty.swift; sourceTree = "<group>"; };
		57B847902C0E12AC00D0E7C3 /* PathPropertyStore.swift */ = {isa = PBXFileReference; lastKnownFileType = sourcecode.swift; path = PathPropertyStore.swift; sourceTree = "<group>"; };
		57DD2A152C0236E60046931C /* ItemStore.swift */ = {isa = PBXFileReference; lastKnownFileType = sourcecode.swift; path = ItemStore.swift; sourceTree = "<group>"; };
		57DD2A1A2C02DB250046931C /* CanvasActionStore.swift */ = {isa = PBXFileReference; lastKnownFileType = sourcecode.swift; path = CanvasActionStore.swift; sourceTree = "<group>"; };
		57DD2A1C2C02DB5A0046931C /* Grid.swift */ = {isa = PBXFileReference; lastKnownFileType = sourcecode.swift; path = Grid.swift; sourceTree = "<group>"; };
		57DD2A202C02DB850046931C /* Item.swift */ = {isa = PBXFileReference; lastKnownFileType = sourcecode.swift; path = Item.swift; sourceTree = "<group>"; };
		57DD2A272C0321110046931C /* ItemPanel.swift */ = {isa = PBXFileReference; lastKnownFileType = sourcecode.swift; path = ItemPanel.swift; sourceTree = "<group>"; };
		57E082052C230526008CC67B /* RootView.swift */ = {isa = PBXFileReference; lastKnownFileType = sourcecode.swift; path = RootView.swift; sourceTree = "<group>"; };
		57E082072C25B9BA008CC67B /* DocumentModel.swift */ = {isa = PBXFileReference; lastKnownFileType = sourcecode.swift; path = DocumentModel.swift; sourceTree = "<group>"; };
		57E082092C26C75A008CC67B /* Info.plist */ = {isa = PBXFileReference; lastKnownFileType = text.plist; path = Info.plist; sourceTree = "<group>"; };
		57E0820D2C27A7F9008CC67B /* FileDirectoryView.swift */ = {isa = PBXFileReference; lastKnownFileType = sourcecode.swift; path = FileDirectoryView.swift; sourceTree = "<group>"; };
		57E082122C27A8EC008CC67B /* FileTree.swift */ = {isa = PBXFileReference; lastKnownFileType = sourcecode.swift; path = FileTree.swift; sourceTree = "<group>"; };
		57E082142C27B1F7008CC67B /* CancellablesHolder.swift */ = {isa = PBXFileReference; lastKnownFileType = sourcecode.swift; path = CancellablesHolder.swift; sourceTree = "<group>"; };
		57E082182C28FD26008CC67B /* Localizable.xcstrings */ = {isa = PBXFileReference; lastKnownFileType = text.json.xcstrings; path = Localizable.xcstrings; sourceTree = "<group>"; };
/* End PBXFileReference section */

/* Begin PBXFrameworksBuildPhase section */
		5723BF732BC39844002209F2 /* Frameworks */ = {
			isa = PBXFrameworksBuildPhase;
			buildActionMask = 2147483647;
			files = (
			);
			runOnlyForDeploymentPostprocessing = 0;
		};
		5723BF852BC39846002209F2 /* Frameworks */ = {
			isa = PBXFrameworksBuildPhase;
			buildActionMask = 2147483647;
			files = (
			);
			runOnlyForDeploymentPostprocessing = 0;
		};
		5723BF8F2BC39846002209F2 /* Frameworks */ = {
			isa = PBXFrameworksBuildPhase;
			buildActionMask = 2147483647;
			files = (
			);
			runOnlyForDeploymentPostprocessing = 0;
		};
/* End PBXFrameworksBuildPhase section */

/* Begin PBXGroup section */
		5700C2C22BEB5A6800481FA7 /* Panel */ = {
			isa = PBXGroup;
			children = (
				5700C2CC2BED169D00481FA7 /* PanelData.swift */,
				5700C2C92BED162000481FA7 /* PanelStore.swift */,
				572487882BDF83D90096DDE4 /* DataInput */,
				57DD2A2D2C0435190046931C /* DebugPanel */,
				57DD2A242C02DC320046931C /* HistoryPanel */,
				57DD2A2C2C0434AA0046931C /* ItemPanel */,
				5724877A2BDF7F5F0096DDE4 /* PathPanel */,
				5700C2CB2BED165000481FA7 /* Views */,
			);
			path = Panel;
			sourceTree = "<group>";
		};
		5700C2CB2BED165000481FA7 /* Views */ = {
			isa = PBXGroup;
			children = (
				5700C2C72BEBC4A800481FA7 /* FloatingPanel.swift */,
				5700C2C32BEB5AAF00481FA7 /* PanelBody.swift */,
				57241FA22C228A3400FB0E29 /* PanelPopover.swift */,
				5700C2C52BEB5B0A00481FA7 /* PanelSection.swift */,
			);
			path = Views;
			sourceTree = "<group>";
		};
		571B9B392C14A92E00AAD516 /* Extension */ = {
			isa = PBXGroup;
			children = (
				571B9B422C14AA1200AAD516 /* ClosedRange+Extension.swift */,
				571B9B462C14AA5F00AAD516 /* Container+Extension.swift */,
				571B9B3A2C14A93F00AAD516 /* Optional+Extension.swift */,
				571B9B442C14AA4500AAD516 /* String+Extension.swift */,
				571B9B3C2C14A97D00AAD516 /* UUID+Extension.swift */,
			);
			path = Extension;
			sourceTree = "<group>";
		};
		571B9B482C14AA9F00AAD516 /* General */ = {
			isa = PBXGroup;
			children = (
				57E082142C27B1F7008CC67B /* CancellablesHolder.swift */,
				57B847872C0C9DE100D0E7C3 /* EquatableBy.swift */,
				571B9B3E2C14A99200AAD516 /* IncrementalIdGenerator.swift */,
			);
			path = General;
			sourceTree = "<group>";
		};
		5723BF6D2BC39844002209F2 = {
			isa = PBXGroup;
			children = (
				5723BF782BC39844002209F2 /* Symbolic */,
				5723BF8B2BC39846002209F2 /* SymbolicTests */,
				5723BF952BC39846002209F2 /* SymbolicUITests */,
				5723BF772BC39844002209F2 /* Products */,
			);
			sourceTree = "<group>";
		};
		5723BF772BC39844002209F2 /* Products */ = {
			isa = PBXGroup;
			children = (
				5723BF762BC39844002209F2 /* Symbolic.app */,
				5723BF882BC39846002209F2 /* SymbolicTests.xctest */,
				5723BF922BC39846002209F2 /* SymbolicUITests.xctest */,
			);
			name = Products;
			sourceTree = "<group>";
		};
		5723BF782BC39844002209F2 /* Symbolic */ = {
			isa = PBXGroup;
			children = (
				57E082092C26C75A008CC67B /* Info.plist */,
				574CC7B92BF3B2950042FEE3 /* GlobalStore.swift */,
				5723BF792BC39844002209F2 /* SymbolicApp.swift */,
				5723BF7F2BC39846002209F2 /* Assets.xcassets */,
				57E082182C28FD26008CC67B /* Localizable.xcstrings */,
				57B5F11D2BC68620001E1B2E /* Canvas */,
				572CA9D32C319B32003760B7 /* FileBrowser */,
				57DD2A292C0432D50046931C /* Model */,
				5700C2C22BEB5A6800481FA7 /* Panel */,
				5723BF812BC39846002209F2 /* Preview Content */,
				57E0820C2C27A7E3008CC67B /* Root */,
				57B5F13E2BD4A32E001E1B2E /* Utils */,
			);
			path = Symbolic;
			sourceTree = "<group>";
		};
		5723BF812BC39846002209F2 /* Preview Content */ = {
			isa = PBXGroup;
			children = (
				5723BF822BC39846002209F2 /* Preview Assets.xcassets */,
			);
			path = "Preview Content";
			sourceTree = "<group>";
		};
		5723BF8B2BC39846002209F2 /* SymbolicTests */ = {
			isa = PBXGroup;
			children = (
				5723BF8C2BC39846002209F2 /* SymbolicTests.swift */,
			);
			path = SymbolicTests;
			sourceTree = "<group>";
		};
		5723BF952BC39846002209F2 /* SymbolicUITests */ = {
			isa = PBXGroup;
			children = (
				5723BF962BC39846002209F2 /* SymbolicUITests.swift */,
				5723BF982BC39846002209F2 /* SymbolicUITestsLaunchTests.swift */,
			);
			path = SymbolicUITests;
			sourceTree = "<group>";
		};
		5724877A2BDF7F5F0096DDE4 /* PathPanel */ = {
			isa = PBXGroup;
			children = (
				575C3CF52BD60C200035B758 /* PathPanel.swift */,
				5724877B2BDF80000096DDE4 /* PathPanel+NodeRow.swift */,
			);
			path = PathPanel;
			sourceTree = "<group>";
		};
		572487812BDF82180096DDE4 /* FocusedPath */ = {
			isa = PBXGroup;
			children = (
				571B9B292C148B0800AAD516 /* FocusedPathStore.swift */,
				575C3CF92BD9F11E0035B758 /* FocusedPathView.swift */,
				572487862BDF83620096DDE4 /* FocusedPathView+BezierHandle.swift */,
				572487842BDF832D0096DDE4 /* FocusedPathView+EdgeHandle.swift */,
				572487822BDF82420096DDE4 /* FocusedPathView+NodeHandle.swift */,
				573204D72C159DDC008E0DED /* FocusedPathView+SelectionBounds.swift */,
				574CC7E92BFA53310042FEE3 /* FocusedPathView+Stroke.swift */,
			);
			path = FocusedPath;
			sourceTree = "<group>";
		};
		572487882BDF83D90096DDE4 /* DataInput */ = {
			isa = PBXGroup;
			children = (
				5724878D2BDF84310096DDE4 /* AnglePicker.swift */,
				575C3CF72BD808560035B758 /* DecimalInput.swift */,
				572487892BDF84070096DDE4 /* PositionPicker.swift */,
				5724878B2BDF841E0096DDE4 /* SizePicker.swift */,
				57416E482BE5252000C73434 /* FlagInput.swift */,
			);
			path = DataInput;
			sourceTree = "<group>";
		};
		572CA9D32C319B32003760B7 /* FileBrowser */ = {
			isa = PBXGroup;
			children = (
				572CA9D92C319E6B003760B7 /* DeletedFileBrowserView.swift */,
				572CA9DB2C319EBB003760B7 /* FileBrowserStore.swift */,
				572CA9D42C319B8B003760B7 /* FileBrowserView.swift */,
				57E0820D2C27A7F9008CC67B /* FileDirectoryView.swift */,
				572CA9DD2C31A001003760B7 /* FileEntryCard.swift */,
				572CA9D62C319BDC003760B7 /* FileRenameView.swift */,
			);
			path = FileBrowser;
			sourceTree = "<group>";
		};
		574CC7C82BF4FCE60042FEE3 /* UI */ = {
			isa = PBXGroup;
			children = (
				574CC7E12BFA39BD0042FEE3 /* Animation.swift */,
				574CC7C32BF44DB00042FEE3 /* AxisAlign.swift */,
				574CC7BF2BF44CE30042FEE3 /* Color+UIColor.swift */,
				574CC7C12BF44D630042FEE3 /* ManagedScrollView.swift */,
				574CC7BB2BF44C390042FEE3 /* Memo.swift */,
				576BE2662C0828A000353912 /* View+Modifiers.swift */,
				57B703EB2C362CEC00B60F36 /* GeometryEffectWrapper.swift */,
			);
			path = UI;
			sourceTree = "<group>";
		};
		574CC7C92BF4FD050042FEE3 /* Data */ = {
			isa = PBXGroup;
			children = (
				572552822BF0572D002147AE /* OrderedMap.swift */,
				574CC7D72BF757630042FEE3 /* Store.swift */,
			);
			path = Data;
			sourceTree = "<group>";
		};
		574CC7CA2BF4FD210042FEE3 /* Math */ = {
			isa = PBXGroup;
			children = (
				574CC7CD2BF4FD7E0042FEE3 /* Geometry.swift */,
				57B5F1132BC62CFB001E1B2E /* LinearAlgebra.swift */,
				574CC7CF2BF4FDAF0042FEE3 /* MathProtocols.swift */,
			);
			path = Math;
			sourceTree = "<group>";
		};
		574CC7DE2BFA0DB00042FEE3 /* CanvasAction */ = {
			isa = PBXGroup;
			children = (
				5700C2D22BEF1A1C00481FA7 /* CanvasAction.swift */,
				57DD2A1A2C02DB250046931C /* CanvasActionStore.swift */,
			);
			path = CanvasAction;
			sourceTree = "<group>";
		};
		574CC7F02BFCCFBF0042FEE3 /* Grid */ = {
			isa = PBXGroup;
			children = (
				57DD2A1C2C02DB5A0046931C /* Grid.swift */,
				574CC7F12BFCCFCA0042FEE3 /* GridStore.swift */,
			);
			path = Grid;
			sourceTree = "<group>";
		};
		576BE2632C048F5400353912 /* ActiveItem */ = {
			isa = PBXGroup;
			children = (
				57B5F13F2BD4A3EF001E1B2E /* ActiveItemStore.swift */,
				576BE2642C048F6900353912 /* ActiveItemView.swift */,
				571B9B332C14A74F00AAD516 /* ActiveItemView+GroupBounds.swift */,
				571B9B352C14A77500AAD516 /* ActiveItemView+PathBounds.swift */,
				571B9B372C14A79A00AAD516 /* ActiveItemView+SelectionBounds.swift */,
				573204D92C15D8BF008E0DED /* ItemsView.swift */,
			);
			path = ActiveItem;
			sourceTree = "<group>";
		};
		576BE2682C082D2A00353912 /* Toolbar */ = {
			isa = PBXGroup;
			children = (
				5700C2D02BEF0F0A00481FA7 /* AddingPath.swift */,
				5700C2CE2BEDB6EB00481FA7 /* DraggingSelection.swift */,
				574CC7DC2BF9A6710042FEE3 /* Toolbar.swift */,
			);
			path = Toolbar;
			sourceTree = "<group>";
		};
		57B5F11D2BC68620001E1B2E /* Canvas */ = {
			isa = PBXGroup;
			children = (
				5723BFA52BC39865002209F2 /* CanvasView.swift */,
				576BE2632C048F5400353912 /* ActiveItem */,
				57DD2A232C02DC280046931C /* Background */,
				574CC7DE2BFA0DB00042FEE3 /* CanvasAction */,
				57DD2A252C02DC440046931C /* ContextMenu */,
				572487812BDF82180096DDE4 /* FocusedPath */,
				576BE2682C082D2A00353912 /* Toolbar */,
				57DD2A222C02DC1E0046931C /* Viewport */,
			);
			path = Canvas;
			sourceTree = "<group>";
		};
		57B5F13B2BD4A2E2001E1B2E /* SVG */ = {
			isa = PBXGroup;
			children = (
				57B5F12B2BCE0FC0001E1B2E /* ArcParams.swift */,
				57B5F1272BCCC1FB001E1B2E /* SVGParser.swift */,
				57B5F1252BCCB3C2001E1B2E /* SVGPath.swift */,
			);
			path = SVG;
			sourceTree = "<group>";
		};
		57B5F13C2BD4A2EC001E1B2E /* Path */ = {
			isa = PBXGroup;
			children = (
				57416E392BE0BAB600C73434 /* Line.swift */,
				57416E422BE12D7100C73434 /* LineSegment.swift */,
				57B5F11E2BC777F0001E1B2E /* Path.swift */,
				57B5F1292BCD02F3001E1B2E /* Path+SVG.swift */,
				57416E3E2BE12A9500C73434 /* PathSegment.swift */,
				575C3CFB2BDA14590035B758 /* PathStore.swift */,
			);
			path = Path;
			sourceTree = "<group>";
		};
		57B5F13D2BD4A314001E1B2E /* Gesture */ = {
			isa = PBXGroup;
			children = (
				574CC7E32BFA3DF40042FEE3 /* Gesture+Extension.swift */,
				57416E462BE2851D00C73434 /* MultipleGesture.swift */,
				57B5F1152BC62E87001E1B2E /* MultipleTouch.swift */,
				57B5F1192BC62FA3001E1B2E /* MultipleTouchGesture.swift */,
				57B5F1172BC62F65001E1B2E /* TouchDebugView.swift */,
			);
			path = Gesture;
			sourceTree = "<group>";
		};
		57B5F13E2BD4A32E001E1B2E /* Utils */ = {
			isa = PBXGroup;
			children = (
				572552842BF0F2F8002147AE /* Logging.swift */,
				57B5F1432BD4A621001E1B2E /* MiscUtils.swift */,
				571B9B402C14A9B600AAD516 /* Operators.swift */,
				574CC7D32BF4FFCB0042FEE3 /* PropertyWrappers.swift */,
				574CC7D12BF4FE8F0042FEE3 /* Protocols.swift */,
				572552862BF0F563002147AE /* Tracer.swift */,
				574CC7C92BF4FD050042FEE3 /* Data */,
				571B9B392C14A92E00AAD516 /* Extension */,
				57E082112C27A8E3008CC67B /* File */,
				571B9B482C14AA9F00AAD516 /* General */,
				57B5F13D2BD4A314001E1B2E /* Gesture */,
				574CC7CA2BF4FD210042FEE3 /* Math */,
				57B5F13B2BD4A2E2001E1B2E /* SVG */,
				574CC7C82BF4FCE60042FEE3 /* UI */,
			);
			path = Utils;
			sourceTree = "<group>";
		};
		57B5F1472BD54260001E1B2E /* Document */ = {
			isa = PBXGroup;
			children = (
				57B5F14A2BD54AA5001E1B2E /* Document.swift */,
				572487912BDFA7B80096DDE4 /* DocumentAction.swift */,
				57B5F1482BD54279001E1B2E /* DocumentEvent.swift */,
				572487752BDBAF860096DDE4 /* DocumentUpdater.swift */,
				57E082072C25B9BA008CC67B /* DocumentModel.swift */,
			);
			path = Document;
			sourceTree = "<group>";
		};
		57B8478B2C0DB06900D0E7C3 /* PathProperty */ = {
			isa = PBXGroup;
			children = (
				57B8478C2C0DB07700D0E7C3 /* PathProperty.swift */,
				57B847902C0E12AC00D0E7C3 /* PathPropertyStore.swift */,
			);
			path = PathProperty;
			sourceTree = "<group>";
		};
		57DD2A142C0236B80046931C /* Item */ = {
			isa = PBXGroup;
			children = (
				57DD2A202C02DB850046931C /* Item.swift */,
				57DD2A152C0236E60046931C /* ItemStore.swift */,
			);
			path = Item;
			sourceTree = "<group>";
		};
		57DD2A222C02DC1E0046931C /* Viewport */ = {
			isa = PBXGroup;
			children = (
				57B5F11B2BC639B2001E1B2E /* Viewport.swift */,
			);
			path = Viewport;
			sourceTree = "<group>";
		};
		57DD2A232C02DC280046931C /* Background */ = {
			isa = PBXGroup;
			children = (
				5774B15F2BFD864300C53CDD /* Background.swift */,
			);
			path = Background;
			sourceTree = "<group>";
		};
		57DD2A242C02DC320046931C /* HistoryPanel */ = {
			isa = PBXGroup;
			children = (
				5724878F2BDF8DE20096DDE4 /* HistoryPanel.swift */,
			);
			path = HistoryPanel;
			sourceTree = "<group>";
		};
		57DD2A252C02DC440046931C /* ContextMenu */ = {
			isa = PBXGroup;
			children = (
				574CC7E72BFA3EAF0042FEE3 /* ContextMenuStore.swift */,
				571B9B312C14A71600AAD516 /* ContextMenuView.swift */,
				571B9B2D2C14A65A00AAD516 /* ContextMenuView+FocusedGroupMenu.swift */,
				571B9B2B2C14A62A00AAD516 /* ContextMenuView+FocusedPathMenu.swift */,
				573204D52C15381C008E0DED /* ContextMenuView+FocusedPathSelectionMenu.swift */,
				571B9B2F2C14A68A00AAD516 /* ContextMenuView+SelectionMenu.swift */,
			);
			path = ContextMenu;
			sourceTree = "<group>";
		};
		57DD2A292C0432D50046931C /* Model */ = {
			isa = PBXGroup;
			children = (
				57B5F1472BD54260001E1B2E /* Document */,
				574CC7F02BFCCFBF0042FEE3 /* Grid */,
				57DD2A142C0236B80046931C /* Item */,
				57B5F13C2BD4A2EC001E1B2E /* Path */,
				57B8478B2C0DB06900D0E7C3 /* PathProperty */,
			);
			path = Model;
			sourceTree = "<group>";
		};
		57DD2A2C2C0434AA0046931C /* ItemPanel */ = {
			isa = PBXGroup;
			children = (
				57DD2A272C0321110046931C /* ItemPanel.swift */,
				573204DB2C15DDA2008E0DED /* ItemPanel+ItemRow.swift */,
			);
			path = ItemPanel;
			sourceTree = "<group>";
		};
		57DD2A2D2C0435190046931C /* DebugPanel */ = {
			isa = PBXGroup;
			children = (
				575C3CF32BD5EC700035B758 /* DebugPanel.swift */,
			);
			path = DebugPanel;
			sourceTree = "<group>";
		};
		57E0820C2C27A7E3008CC67B /* Root */ = {
			isa = PBXGroup;
			children = (
				572CA9DF2C31A0CA003760B7 /* RootStore.swift */,
				57E082052C230526008CC67B /* RootView.swift */,
			);
			path = Root;
			sourceTree = "<group>";
		};
		57E082112C27A8E3008CC67B /* File */ = {
			isa = PBXGroup;
			children = (
				57E082122C27A8EC008CC67B /* FileTree.swift */,
			);
			path = File;
			sourceTree = "<group>";
		};
/* End PBXGroup section */

/* Begin PBXNativeTarget section */
		5723BF752BC39844002209F2 /* Symbolic */ = {
			isa = PBXNativeTarget;
			buildConfigurationList = 5723BF9C2BC39846002209F2 /* Build configuration list for PBXNativeTarget "Symbolic" */;
			buildPhases = (
				5723BF722BC39844002209F2 /* Sources */,
				5723BF732BC39844002209F2 /* Frameworks */,
				5723BF742BC39844002209F2 /* Resources */,
			);
			buildRules = (
			);
			dependencies = (
			);
			name = Symbolic;
			packageProductDependencies = (
			);
			productName = Symbolic;
			productReference = 5723BF762BC39844002209F2 /* Symbolic.app */;
			productType = "com.apple.product-type.application";
		};
		5723BF872BC39846002209F2 /* SymbolicTests */ = {
			isa = PBXNativeTarget;
			buildConfigurationList = 5723BF9F2BC39846002209F2 /* Build configuration list for PBXNativeTarget "SymbolicTests" */;
			buildPhases = (
				5723BF842BC39846002209F2 /* Sources */,
				5723BF852BC39846002209F2 /* Frameworks */,
				5723BF862BC39846002209F2 /* Resources */,
			);
			buildRules = (
			);
			dependencies = (
				5723BF8A2BC39846002209F2 /* PBXTargetDependency */,
			);
			name = SymbolicTests;
			productName = SymbolicTests;
			productReference = 5723BF882BC39846002209F2 /* SymbolicTests.xctest */;
			productType = "com.apple.product-type.bundle.unit-test";
		};
		5723BF912BC39846002209F2 /* SymbolicUITests */ = {
			isa = PBXNativeTarget;
			buildConfigurationList = 5723BFA22BC39846002209F2 /* Build configuration list for PBXNativeTarget "SymbolicUITests" */;
			buildPhases = (
				5723BF8E2BC39846002209F2 /* Sources */,
				5723BF8F2BC39846002209F2 /* Frameworks */,
				5723BF902BC39846002209F2 /* Resources */,
			);
			buildRules = (
			);
			dependencies = (
				5723BF942BC39846002209F2 /* PBXTargetDependency */,
			);
			name = SymbolicUITests;
			productName = SymbolicUITests;
			productReference = 5723BF922BC39846002209F2 /* SymbolicUITests.xctest */;
			productType = "com.apple.product-type.bundle.ui-testing";
		};
/* End PBXNativeTarget section */

/* Begin PBXProject section */
		5723BF6E2BC39844002209F2 /* Project object */ = {
			isa = PBXProject;
			attributes = {
				BuildIndependentTargetsInParallel = 1;
				LastSwiftUpdateCheck = 1530;
				LastUpgradeCheck = 1530;
				TargetAttributes = {
					5723BF752BC39844002209F2 = {
						CreatedOnToolsVersion = 15.3;
					};
					5723BF872BC39846002209F2 = {
						CreatedOnToolsVersion = 15.3;
						TestTargetID = 5723BF752BC39844002209F2;
					};
					5723BF912BC39846002209F2 = {
						CreatedOnToolsVersion = 15.3;
						TestTargetID = 5723BF752BC39844002209F2;
					};
				};
			};
			buildConfigurationList = 5723BF712BC39844002209F2 /* Build configuration list for PBXProject "Symbolic" */;
			compatibilityVersion = "Xcode 14.0";
			developmentRegion = en;
			hasScannedForEncodings = 0;
			knownRegions = (
				en,
				"zh-Hans",
				Base,
			);
			mainGroup = 5723BF6D2BC39844002209F2;
			packageReferences = (
			);
			productRefGroup = 5723BF772BC39844002209F2 /* Products */;
			projectDirPath = "";
			projectRoot = "";
			targets = (
				5723BF752BC39844002209F2 /* Symbolic */,
				5723BF872BC39846002209F2 /* SymbolicTests */,
				5723BF912BC39846002209F2 /* SymbolicUITests */,
			);
		};
/* End PBXProject section */

/* Begin PBXResourcesBuildPhase section */
		5723BF742BC39844002209F2 /* Resources */ = {
			isa = PBXResourcesBuildPhase;
			buildActionMask = 2147483647;
			files = (
				5723BF832BC39846002209F2 /* Preview Assets.xcassets in Resources */,
				5723BF802BC39846002209F2 /* Assets.xcassets in Resources */,
				57E082192C28FD26008CC67B /* Localizable.xcstrings in Resources */,
			);
			runOnlyForDeploymentPostprocessing = 0;
		};
		5723BF862BC39846002209F2 /* Resources */ = {
			isa = PBXResourcesBuildPhase;
			buildActionMask = 2147483647;
			files = (
			);
			runOnlyForDeploymentPostprocessing = 0;
		};
		5723BF902BC39846002209F2 /* Resources */ = {
			isa = PBXResourcesBuildPhase;
			buildActionMask = 2147483647;
			files = (
			);
			runOnlyForDeploymentPostprocessing = 0;
		};
/* End PBXResourcesBuildPhase section */

/* Begin PBXSourcesBuildPhase section */
		5723BF722BC39844002209F2 /* Sources */ = {
			isa = PBXSourcesBuildPhase;
			buildActionMask = 2147483647;
			files = (
				5700C2C42BEB5AAF00481FA7 /* PanelBody.swift in Sources */,
				57DD2A212C02DB850046931C /* Item.swift in Sources */,
				5700C2CD2BED169D00481FA7 /* PanelData.swift in Sources */,
				574CC7BA2BF3B2950042FEE3 /* GlobalStore.swift in Sources */,
				57B847912C0E12AC00D0E7C3 /* PathPropertyStore.swift in Sources */,
				574CC7C02BF44CE30042FEE3 /* Color+UIColor.swift in Sources */,
				573204DA2C15D8BF008E0DED /* ItemsView.swift in Sources */,
				57241FA32C228A3400FB0E29 /* PanelPopover.swift in Sources */,
				572552852BF0F2F8002147AE /* Logging.swift in Sources */,
				5724878A2BDF84070096DDE4 /* PositionPicker.swift in Sources */,
				57B5F11F2BC777F0001E1B2E /* Path.swift in Sources */,
				5724877C2BDF80000096DDE4 /* PathPanel+NodeRow.swift in Sources */,
				571B9B322C14A71600AAD516 /* ContextMenuView.swift in Sources */,
				573204D82C159DDC008E0DED /* FocusedPathView+SelectionBounds.swift in Sources */,
				571B9B452C14AA4500AAD516 /* String+Extension.swift in Sources */,
				573204DC2C15DDA2008E0DED /* ItemPanel+ItemRow.swift in Sources */,
				57B5F1262BCCB3C2001E1B2E /* SVGPath.swift in Sources */,
				57DD2A282C0321110046931C /* ItemPanel.swift in Sources */,
				572552872BF0F563002147AE /* Tracer.swift in Sources */,
				575C3CFA2BD9F11E0035B758 /* FocusedPathView.swift in Sources */,
				57B5F1182BC62F65001E1B2E /* TouchDebugView.swift in Sources */,
				571B9B382C14A79A00AAD516 /* ActiveItemView+SelectionBounds.swift in Sources */,
				571B9B432C14AA1200AAD516 /* ClosedRange+Extension.swift in Sources */,
				5700C2D12BEF0F0A00481FA7 /* AddingPath.swift in Sources */,
				57E082152C27B1F7008CC67B /* CancellablesHolder.swift in Sources */,
				572487902BDF8DE20096DDE4 /* HistoryPanel.swift in Sources */,
				57B5F1142BC62CFB001E1B2E /* LinearAlgebra.swift in Sources */,
				575C3CF82BD808560035B758 /* DecimalInput.swift in Sources */,
				572487872BDF83620096DDE4 /* FocusedPathView+BezierHandle.swift in Sources */,
				574CC7D82BF757630042FEE3 /* Store.swift in Sources */,
				57B5F12A2BCD02F3001E1B2E /* Path+SVG.swift in Sources */,
				575C3CF62BD60C200035B758 /* PathPanel.swift in Sources */,
				571B9B2E2C14A65A00AAD516 /* ContextMenuView+FocusedGroupMenu.swift in Sources */,
				57416E3A2BE0BAB600C73434 /* Line.swift in Sources */,
				57DD2A162C0236E60046931C /* ItemStore.swift in Sources */,
				57E082062C230526008CC67B /* RootView.swift in Sources */,
				5700C2C62BEB5B0A00481FA7 /* PanelSection.swift in Sources */,
				574CC7E82BFA3EAF0042FEE3 /* ContextMenuStore.swift in Sources */,
				57B5F1402BD4A3EF001E1B2E /* ActiveItemStore.swift in Sources */,
				57DD2A1D2C02DB5A0046931C /* Grid.swift in Sources */,
				57416E432BE12D7100C73434 /* LineSegment.swift in Sources */,
				5724878E2BDF84310096DDE4 /* AnglePicker.swift in Sources */,
				57B5F1162BC62E87001E1B2E /* MultipleTouch.swift in Sources */,
				571B9B3D2C14A97D00AAD516 /* UUID+Extension.swift in Sources */,
				572CA9DA2C319E6B003760B7 /* DeletedFileBrowserView.swift in Sources */,
				575C3CFC2BDA14590035B758 /* PathStore.swift in Sources */,
				57E082132C27A8EC008CC67B /* FileTree.swift in Sources */,
				571B9B342C14A74F00AAD516 /* ActiveItemView+GroupBounds.swift in Sources */,
				572487922BDFA7B80096DDE4 /* DocumentAction.swift in Sources */,
				572CA9DC2C319EBB003760B7 /* FileBrowserStore.swift in Sources */,
				5700C2CA2BED162000481FA7 /* PanelStore.swift in Sources */,
				574CC7E42BFA3DF40042FEE3 /* Gesture+Extension.swift in Sources */,
				57B703EC2C362CEC00B60F36 /* GeometryEffectWrapper.swift in Sources */,
				574CC7F22BFCCFCA0042FEE3 /* GridStore.swift in Sources */,
				57B5F11C2BC639B2001E1B2E /* Viewport.swift in Sources */,
				576BE2652C048F6900353912 /* ActiveItemView.swift in Sources */,
				572552832BF0572D002147AE /* OrderedMap.swift in Sources */,
				571B9B2C2C14A62A00AAD516 /* ContextMenuView+FocusedPathMenu.swift in Sources */,
				57B5F11A2BC62FA3001E1B2E /* MultipleTouchGesture.swift in Sources */,
				573204D62C15381C008E0DED /* ContextMenuView+FocusedPathSelectionMenu.swift in Sources */,
				574CC7C42BF44DB00042FEE3 /* AxisAlign.swift in Sources */,
				574CC7BC2BF44C390042FEE3 /* Memo.swift in Sources */,
				5723BFA62BC39865002209F2 /* CanvasView.swift in Sources */,
				57416E3F2BE12A9500C73434 /* PathSegment.swift in Sources */,
				57B5F1442BD4A621001E1B2E /* MiscUtils.swift in Sources */,
				572CA9D52C319B8B003760B7 /* FileBrowserView.swift in Sources */,
				571B9B362C14A77500AAD516 /* ActiveItemView+PathBounds.swift in Sources */,
				574CC7D22BF4FE8F0042FEE3 /* Protocols.swift in Sources */,
				574CC7EA2BFA53310042FEE3 /* FocusedPathView+Stroke.swift in Sources */,
				57B5F1492BD54279001E1B2E /* DocumentEvent.swift in Sources */,
				571B9B472C14AA5F00AAD516 /* Container+Extension.swift in Sources */,
				572CA9E02C31A0CA003760B7 /* RootStore.swift in Sources */,
				57B847882C0C9DE100D0E7C3 /* EquatableBy.swift in Sources */,
				57416E472BE2851D00C73434 /* MultipleGesture.swift in Sources */,
				574CC7D42BF4FFCB0042FEE3 /* PropertyWrappers.swift in Sources */,
				5723BF7A2BC39844002209F2 /* SymbolicApp.swift in Sources */,
				575C3CF42BD5EC700035B758 /* DebugPanel.swift in Sources */,
				572487832BDF82420096DDE4 /* FocusedPathView+NodeHandle.swift in Sources */,
				57E0820E2C27A7F9008CC67B /* FileDirectoryView.swift in Sources */,
				571B9B3F2C14A99200AAD516 /* IncrementalIdGenerator.swift in Sources */,
				572487762BDBAF860096DDE4 /* DocumentUpdater.swift in Sources */,
				57B5F12C2BCE0FC0001E1B2E /* ArcParams.swift in Sources */,
				5724878C2BDF841E0096DDE4 /* SizePicker.swift in Sources */,
				57416E492BE5252000C73434 /* FlagInput.swift in Sources */,
				571B9B412C14A9B600AAD516 /* Operators.swift in Sources */,
				57B8478D2C0DB07700D0E7C3 /* PathProperty.swift in Sources */,
				571B9B2A2C148B0800AAD516 /* FocusedPathStore.swift in Sources */,
				574CC7E22BFA39BD0042FEE3 /* Animation.swift in Sources */,
				574CC7DD2BF9A6710042FEE3 /* Toolbar.swift in Sources */,
				571B9B3B2C14A93F00AAD516 /* Optional+Extension.swift in Sources */,
				571B9B302C14A68A00AAD516 /* ContextMenuView+SelectionMenu.swift in Sources */,
				574CC7C22BF44D630042FEE3 /* ManagedScrollView.swift in Sources */,
				5700C2D32BEF1A1C00481FA7 /* CanvasAction.swift in Sources */,
				576BE2672C0828A000353912 /* View+Modifiers.swift in Sources */,
				57B5F14B2BD54AA5001E1B2E /* Document.swift in Sources */,
				5700C2C82BEBC4A800481FA7 /* FloatingPanel.swift in Sources */,
				57B5F1282BCCC1FB001E1B2E /* SVGParser.swift in Sources */,
				57DD2A1B2C02DB250046931C /* CanvasActionStore.swift in Sources */,
				5700C2CF2BEDB6EB00481FA7 /* DraggingSelection.swift in Sources */,
				572CA9D72C319BDC003760B7 /* FileRenameView.swift in Sources */,
				5774B1602BFD864300C53CDD /* Background.swift in Sources */,
				57E082082C25B9BA008CC67B /* DocumentModel.swift in Sources */,
				574CC7CE2BF4FD7E0042FEE3 /* Geometry.swift in Sources */,
				574CC7D02BF4FDAF0042FEE3 /* MathProtocols.swift in Sources */,
				572CA9DE2C31A001003760B7 /* FileEntryCard.swift in Sources */,
				572487852BDF832D0096DDE4 /* FocusedPathView+EdgeHandle.swift in Sources */,
			);
			runOnlyForDeploymentPostprocessing = 0;
		};
		5723BF842BC39846002209F2 /* Sources */ = {
			isa = PBXSourcesBuildPhase;
			buildActionMask = 2147483647;
			files = (
				5723BF8D2BC39846002209F2 /* SymbolicTests.swift in Sources */,
			);
			runOnlyForDeploymentPostprocessing = 0;
		};
		5723BF8E2BC39846002209F2 /* Sources */ = {
			isa = PBXSourcesBuildPhase;
			buildActionMask = 2147483647;
			files = (
				5723BF992BC39846002209F2 /* SymbolicUITestsLaunchTests.swift in Sources */,
				5723BF972BC39846002209F2 /* SymbolicUITests.swift in Sources */,
			);
			runOnlyForDeploymentPostprocessing = 0;
		};
/* End PBXSourcesBuildPhase section */

/* Begin PBXTargetDependency section */
		5723BF8A2BC39846002209F2 /* PBXTargetDependency */ = {
			isa = PBXTargetDependency;
			target = 5723BF752BC39844002209F2 /* Symbolic */;
			targetProxy = 5723BF892BC39846002209F2 /* PBXContainerItemProxy */;
		};
		5723BF942BC39846002209F2 /* PBXTargetDependency */ = {
			isa = PBXTargetDependency;
			target = 5723BF752BC39844002209F2 /* Symbolic */;
			targetProxy = 5723BF932BC39846002209F2 /* PBXContainerItemProxy */;
		};
/* End PBXTargetDependency section */

/* Begin XCBuildConfiguration section */
		5723BF9A2BC39846002209F2 /* Debug */ = {
			isa = XCBuildConfiguration;
			buildSettings = {
				ALWAYS_SEARCH_USER_PATHS = NO;
				ASSETCATALOG_COMPILER_GENERATE_SWIFT_ASSET_SYMBOL_EXTENSIONS = YES;
				CLANG_ANALYZER_NONNULL = YES;
				CLANG_ANALYZER_NUMBER_OBJECT_CONVERSION = YES_AGGRESSIVE;
				CLANG_CXX_LANGUAGE_STANDARD = "gnu++20";
				CLANG_ENABLE_MODULES = YES;
				CLANG_ENABLE_OBJC_ARC = YES;
				CLANG_ENABLE_OBJC_WEAK = YES;
				CLANG_WARN_BLOCK_CAPTURE_AUTORELEASING = YES;
				CLANG_WARN_BOOL_CONVERSION = YES;
				CLANG_WARN_COMMA = YES;
				CLANG_WARN_CONSTANT_CONVERSION = YES;
				CLANG_WARN_DEPRECATED_OBJC_IMPLEMENTATIONS = YES;
				CLANG_WARN_DIRECT_OBJC_ISA_USAGE = YES_ERROR;
				CLANG_WARN_DOCUMENTATION_COMMENTS = YES;
				CLANG_WARN_EMPTY_BODY = YES;
				CLANG_WARN_ENUM_CONVERSION = YES;
				CLANG_WARN_INFINITE_RECURSION = YES;
				CLANG_WARN_INT_CONVERSION = YES;
				CLANG_WARN_NON_LITERAL_NULL_CONVERSION = YES;
				CLANG_WARN_OBJC_IMPLICIT_RETAIN_SELF = YES;
				CLANG_WARN_OBJC_LITERAL_CONVERSION = YES;
				CLANG_WARN_OBJC_ROOT_CLASS = YES_ERROR;
				CLANG_WARN_QUOTED_INCLUDE_IN_FRAMEWORK_HEADER = YES;
				CLANG_WARN_RANGE_LOOP_ANALYSIS = YES;
				CLANG_WARN_STRICT_PROTOTYPES = YES;
				CLANG_WARN_SUSPICIOUS_MOVE = YES;
				CLANG_WARN_UNGUARDED_AVAILABILITY = YES_AGGRESSIVE;
				CLANG_WARN_UNREACHABLE_CODE = YES;
				CLANG_WARN__DUPLICATE_METHOD_MATCH = YES;
				COPY_PHASE_STRIP = NO;
				DEBUG_INFORMATION_FORMAT = dwarf;
				ENABLE_STRICT_OBJC_MSGSEND = YES;
				ENABLE_TESTABILITY = YES;
				ENABLE_USER_SCRIPT_SANDBOXING = YES;
				GCC_C_LANGUAGE_STANDARD = gnu17;
				GCC_DYNAMIC_NO_PIC = NO;
				GCC_NO_COMMON_BLOCKS = YES;
				GCC_OPTIMIZATION_LEVEL = 0;
				GCC_PREPROCESSOR_DEFINITIONS = (
					"DEBUG=1",
					"$(inherited)",
				);
				GCC_WARN_64_TO_32_BIT_CONVERSION = YES;
				GCC_WARN_ABOUT_RETURN_TYPE = YES_ERROR;
				GCC_WARN_UNDECLARED_SELECTOR = YES;
				GCC_WARN_UNINITIALIZED_AUTOS = YES_AGGRESSIVE;
				GCC_WARN_UNUSED_FUNCTION = YES;
				GCC_WARN_UNUSED_VARIABLE = YES;
				IPHONEOS_DEPLOYMENT_TARGET = 17.4;
				LOCALIZATION_PREFERS_STRING_CATALOGS = YES;
				MTL_ENABLE_DEBUG_INFO = INCLUDE_SOURCE;
				MTL_FAST_MATH = YES;
				ONLY_ACTIVE_ARCH = YES;
				SDKROOT = iphoneos;
				SWIFT_ACTIVE_COMPILATION_CONDITIONS = "DEBUG $(inherited)";
				SWIFT_OPTIMIZATION_LEVEL = "-Onone";
			};
			name = Debug;
		};
		5723BF9B2BC39846002209F2 /* Release */ = {
			isa = XCBuildConfiguration;
			buildSettings = {
				ALWAYS_SEARCH_USER_PATHS = NO;
				ASSETCATALOG_COMPILER_GENERATE_SWIFT_ASSET_SYMBOL_EXTENSIONS = YES;
				CLANG_ANALYZER_NONNULL = YES;
				CLANG_ANALYZER_NUMBER_OBJECT_CONVERSION = YES_AGGRESSIVE;
				CLANG_CXX_LANGUAGE_STANDARD = "gnu++20";
				CLANG_ENABLE_MODULES = YES;
				CLANG_ENABLE_OBJC_ARC = YES;
				CLANG_ENABLE_OBJC_WEAK = YES;
				CLANG_WARN_BLOCK_CAPTURE_AUTORELEASING = YES;
				CLANG_WARN_BOOL_CONVERSION = YES;
				CLANG_WARN_COMMA = YES;
				CLANG_WARN_CONSTANT_CONVERSION = YES;
				CLANG_WARN_DEPRECATED_OBJC_IMPLEMENTATIONS = YES;
				CLANG_WARN_DIRECT_OBJC_ISA_USAGE = YES_ERROR;
				CLANG_WARN_DOCUMENTATION_COMMENTS = YES;
				CLANG_WARN_EMPTY_BODY = YES;
				CLANG_WARN_ENUM_CONVERSION = YES;
				CLANG_WARN_INFINITE_RECURSION = YES;
				CLANG_WARN_INT_CONVERSION = YES;
				CLANG_WARN_NON_LITERAL_NULL_CONVERSION = YES;
				CLANG_WARN_OBJC_IMPLICIT_RETAIN_SELF = YES;
				CLANG_WARN_OBJC_LITERAL_CONVERSION = YES;
				CLANG_WARN_OBJC_ROOT_CLASS = YES_ERROR;
				CLANG_WARN_QUOTED_INCLUDE_IN_FRAMEWORK_HEADER = YES;
				CLANG_WARN_RANGE_LOOP_ANALYSIS = YES;
				CLANG_WARN_STRICT_PROTOTYPES = YES;
				CLANG_WARN_SUSPICIOUS_MOVE = YES;
				CLANG_WARN_UNGUARDED_AVAILABILITY = YES_AGGRESSIVE;
				CLANG_WARN_UNREACHABLE_CODE = YES;
				CLANG_WARN__DUPLICATE_METHOD_MATCH = YES;
				COPY_PHASE_STRIP = NO;
				DEBUG_INFORMATION_FORMAT = "dwarf-with-dsym";
				ENABLE_NS_ASSERTIONS = NO;
				ENABLE_STRICT_OBJC_MSGSEND = YES;
				ENABLE_USER_SCRIPT_SANDBOXING = YES;
				GCC_C_LANGUAGE_STANDARD = gnu17;
				GCC_NO_COMMON_BLOCKS = YES;
				GCC_WARN_64_TO_32_BIT_CONVERSION = YES;
				GCC_WARN_ABOUT_RETURN_TYPE = YES_ERROR;
				GCC_WARN_UNDECLARED_SELECTOR = YES;
				GCC_WARN_UNINITIALIZED_AUTOS = YES_AGGRESSIVE;
				GCC_WARN_UNUSED_FUNCTION = YES;
				GCC_WARN_UNUSED_VARIABLE = YES;
				IPHONEOS_DEPLOYMENT_TARGET = 17.4;
				LOCALIZATION_PREFERS_STRING_CATALOGS = YES;
				MTL_ENABLE_DEBUG_INFO = NO;
				MTL_FAST_MATH = YES;
				SDKROOT = iphoneos;
				SWIFT_COMPILATION_MODE = wholemodule;
				VALIDATE_PRODUCT = YES;
			};
			name = Release;
		};
		5723BF9D2BC39846002209F2 /* Debug */ = {
			isa = XCBuildConfiguration;
			buildSettings = {
				ASSETCATALOG_COMPILER_APPICON_NAME = AppIcon;
				ASSETCATALOG_COMPILER_GLOBAL_ACCENT_COLOR_NAME = AccentColor;
				CODE_SIGN_STYLE = Automatic;
				CURRENT_PROJECT_VERSION = 1;
				DEVELOPMENT_ASSET_PATHS = "\"Symbolic/Preview Content\"";
				DEVELOPMENT_TEAM = 433469HL57;
				ENABLE_PREVIEWS = YES;
				GENERATE_INFOPLIST_FILE = YES;
				INFOPLIST_FILE = Symbolic/Info.plist;
				INFOPLIST_KEY_UIApplicationSceneManifest_Generation = YES;
				INFOPLIST_KEY_UIApplicationSupportsIndirectInputEvents = YES;
				INFOPLIST_KEY_UILaunchScreen_Generation = YES;
				INFOPLIST_KEY_UISupportedInterfaceOrientations_iPad = "UIInterfaceOrientationPortrait UIInterfaceOrientationPortraitUpsideDown UIInterfaceOrientationLandscapeLeft UIInterfaceOrientationLandscapeRight";
				INFOPLIST_KEY_UISupportedInterfaceOrientations_iPhone = "UIInterfaceOrientationPortrait UIInterfaceOrientationLandscapeLeft UIInterfaceOrientationLandscapeRight";
				INFOPLIST_KEY_UISupportsDocumentBrowser = YES;
				IPHONEOS_DEPLOYMENT_TARGET = 17.4;
				LD_RUNPATH_SEARCH_PATHS = (
					"$(inherited)",
					"@executable_path/Frameworks",
				);
				MARKETING_VERSION = 1.0;
				PRODUCT_BUNDLE_IDENTIFIER = com.example.Symbolic;
				PRODUCT_NAME = "$(TARGET_NAME)";
				SWIFT_EMIT_LOC_STRINGS = YES;
				SWIFT_VERSION = 5.0;
				TARGETED_DEVICE_FAMILY = "1,2";
			};
			name = Debug;
		};
		5723BF9E2BC39846002209F2 /* Release */ = {
			isa = XCBuildConfiguration;
			buildSettings = {
				ASSETCATALOG_COMPILER_APPICON_NAME = AppIcon;
				ASSETCATALOG_COMPILER_GLOBAL_ACCENT_COLOR_NAME = AccentColor;
				CODE_SIGN_STYLE = Automatic;
				CURRENT_PROJECT_VERSION = 1;
				DEVELOPMENT_ASSET_PATHS = "\"Symbolic/Preview Content\"";
				DEVELOPMENT_TEAM = 433469HL57;
				ENABLE_PREVIEWS = YES;
				GENERATE_INFOPLIST_FILE = YES;
				INFOPLIST_FILE = Symbolic/Info.plist;
				INFOPLIST_KEY_UIApplicationSceneManifest_Generation = YES;
				INFOPLIST_KEY_UIApplicationSupportsIndirectInputEvents = YES;
				INFOPLIST_KEY_UILaunchScreen_Generation = YES;
				INFOPLIST_KEY_UISupportedInterfaceOrientations_iPad = "UIInterfaceOrientationPortrait UIInterfaceOrientationPortraitUpsideDown UIInterfaceOrientationLandscapeLeft UIInterfaceOrientationLandscapeRight";
				INFOPLIST_KEY_UISupportedInterfaceOrientations_iPhone = "UIInterfaceOrientationPortrait UIInterfaceOrientationLandscapeLeft UIInterfaceOrientationLandscapeRight";
				INFOPLIST_KEY_UISupportsDocumentBrowser = YES;
				IPHONEOS_DEPLOYMENT_TARGET = 17.4;
				LD_RUNPATH_SEARCH_PATHS = (
					"$(inherited)",
					"@executable_path/Frameworks",
				);
				MARKETING_VERSION = 1.0;
				PRODUCT_BUNDLE_IDENTIFIER = com.example.Symbolic;
				PRODUCT_NAME = "$(TARGET_NAME)";
				SWIFT_EMIT_LOC_STRINGS = YES;
				SWIFT_VERSION = 5.0;
				TARGETED_DEVICE_FAMILY = "1,2";
			};
			name = Release;
		};
		5723BFA02BC39846002209F2 /* Debug */ = {
			isa = XCBuildConfiguration;
			buildSettings = {
				ALWAYS_EMBED_SWIFT_STANDARD_LIBRARIES = YES;
				BUNDLE_LOADER = "$(TEST_HOST)";
				CODE_SIGN_STYLE = Automatic;
				CURRENT_PROJECT_VERSION = 1;
				DEVELOPMENT_TEAM = 433469HL57;
				GENERATE_INFOPLIST_FILE = YES;
				IPHONEOS_DEPLOYMENT_TARGET = 17.4;
				MARKETING_VERSION = 1.0;
				PRODUCT_BUNDLE_IDENTIFIER = com.example.SymbolicTests;
				PRODUCT_NAME = "$(TARGET_NAME)";
				SWIFT_EMIT_LOC_STRINGS = NO;
				SWIFT_VERSION = 5.0;
				TARGETED_DEVICE_FAMILY = "1,2";
				TEST_HOST = "$(BUILT_PRODUCTS_DIR)/Symbolic.app/$(BUNDLE_EXECUTABLE_FOLDER_PATH)/Symbolic";
			};
			name = Debug;
		};
		5723BFA12BC39846002209F2 /* Release */ = {
			isa = XCBuildConfiguration;
			buildSettings = {
				ALWAYS_EMBED_SWIFT_STANDARD_LIBRARIES = YES;
				BUNDLE_LOADER = "$(TEST_HOST)";
				CODE_SIGN_STYLE = Automatic;
				CURRENT_PROJECT_VERSION = 1;
				DEVELOPMENT_TEAM = 433469HL57;
				GENERATE_INFOPLIST_FILE = YES;
				IPHONEOS_DEPLOYMENT_TARGET = 17.4;
				MARKETING_VERSION = 1.0;
				PRODUCT_BUNDLE_IDENTIFIER = com.example.SymbolicTests;
				PRODUCT_NAME = "$(TARGET_NAME)";
				SWIFT_EMIT_LOC_STRINGS = NO;
				SWIFT_VERSION = 5.0;
				TARGETED_DEVICE_FAMILY = "1,2";
				TEST_HOST = "$(BUILT_PRODUCTS_DIR)/Symbolic.app/$(BUNDLE_EXECUTABLE_FOLDER_PATH)/Symbolic";
			};
			name = Release;
		};
		5723BFA32BC39846002209F2 /* Debug */ = {
			isa = XCBuildConfiguration;
			buildSettings = {
				ALWAYS_EMBED_SWIFT_STANDARD_LIBRARIES = YES;
				CODE_SIGN_STYLE = Automatic;
				CURRENT_PROJECT_VERSION = 1;
				DEVELOPMENT_TEAM = 433469HL57;
				GENERATE_INFOPLIST_FILE = YES;
				MARKETING_VERSION = 1.0;
				PRODUCT_BUNDLE_IDENTIFIER = com.example.SymbolicUITests;
				PRODUCT_NAME = "$(TARGET_NAME)";
				SWIFT_EMIT_LOC_STRINGS = NO;
				SWIFT_VERSION = 5.0;
				TARGETED_DEVICE_FAMILY = "1,2";
				TEST_TARGET_NAME = Symbolic;
			};
			name = Debug;
		};
		5723BFA42BC39846002209F2 /* Release */ = {
			isa = XCBuildConfiguration;
			buildSettings = {
				ALWAYS_EMBED_SWIFT_STANDARD_LIBRARIES = YES;
				CODE_SIGN_STYLE = Automatic;
				CURRENT_PROJECT_VERSION = 1;
				DEVELOPMENT_TEAM = 433469HL57;
				GENERATE_INFOPLIST_FILE = YES;
				MARKETING_VERSION = 1.0;
				PRODUCT_BUNDLE_IDENTIFIER = com.example.SymbolicUITests;
				PRODUCT_NAME = "$(TARGET_NAME)";
				SWIFT_EMIT_LOC_STRINGS = NO;
				SWIFT_VERSION = 5.0;
				TARGETED_DEVICE_FAMILY = "1,2";
				TEST_TARGET_NAME = Symbolic;
			};
			name = Release;
		};
/* End XCBuildConfiguration section */

/* Begin XCConfigurationList section */
		5723BF712BC39844002209F2 /* Build configuration list for PBXProject "Symbolic" */ = {
			isa = XCConfigurationList;
			buildConfigurations = (
				5723BF9A2BC39846002209F2 /* Debug */,
				5723BF9B2BC39846002209F2 /* Release */,
			);
			defaultConfigurationIsVisible = 0;
			defaultConfigurationName = Release;
		};
		5723BF9C2BC39846002209F2 /* Build configuration list for PBXNativeTarget "Symbolic" */ = {
			isa = XCConfigurationList;
			buildConfigurations = (
				5723BF9D2BC39846002209F2 /* Debug */,
				5723BF9E2BC39846002209F2 /* Release */,
			);
			defaultConfigurationIsVisible = 0;
			defaultConfigurationName = Release;
		};
		5723BF9F2BC39846002209F2 /* Build configuration list for PBXNativeTarget "SymbolicTests" */ = {
			isa = XCConfigurationList;
			buildConfigurations = (
				5723BFA02BC39846002209F2 /* Debug */,
				5723BFA12BC39846002209F2 /* Release */,
			);
			defaultConfigurationIsVisible = 0;
			defaultConfigurationName = Release;
		};
		5723BFA22BC39846002209F2 /* Build configuration list for PBXNativeTarget "SymbolicUITests" */ = {
			isa = XCConfigurationList;
			buildConfigurations = (
				5723BFA32BC39846002209F2 /* Debug */,
				5723BFA42BC39846002209F2 /* Release */,
			);
			defaultConfigurationIsVisible = 0;
			defaultConfigurationName = Release;
		};
/* End XCConfigurationList section */
	};
	rootObject = 5723BF6E2BC39844002209F2 /* Project object */;
}
